
Microsoft Visual Studio Solution File, Format Version 12.00
# Visual Studio Version 17
VisualStudioVersion = 17.5.33424.131
MinimumVisualStudioVersion = 10.0.40219.1
Project("{8BC9CEB8-8B4A-11D0-8D11-00A0C91BC942}") = "ThisIsC++", "ThisIsC++\ThisIsC++.vcxproj", "{85EAF192-D2A8-4DEE-B5A0-31D1D8B97351}"
EndProject
Project("{2150E333-8FDC-42A3-9474-1A3956D46DE8}") = "STL", "STL", "{25133DA5-F628-4995-88C5-E2514E4E3078}"
EndProject
Project("{2150E333-8FDC-42A3-9474-1A3956D46DE8}") = "C++", "C++", "{A650BE33-D32F-45F4-B02A-8D82CA6C2D16}"
EndProject
Project("{2150E333-8FDC-42A3-9474-1A3956D46DE8}") = "문법", "문법", "{E2397277-E867-4C9D-803C-31B1763EBF48}"
EndProject
Project("{8BC9CEB8-8B4A-11D0-8D11-00A0C91BC942}") = "Cplusplus", "StringCtrlSample\StringCtrlSample.vcxproj", "{866EC93C-FF17-4549-9D84-EA669B78FF81}"
EndProject
Project("{2150E333-8FDC-42A3-9474-1A3956D46DE8}") = "1장_연산자오버로딩", "1장_연산자오버로딩", "{7BDF8B28-3520-4543-B359-630DEBDE0EDC}"
EndProject
Project("{8BC9CEB8-8B4A-11D0-8D11-00A0C91BC942}") = "Charpter01 연산자 오버로딩", "Charpter01 연산자 오버로딩\Charpter01 연산자 오버로딩.vcxproj", "{22422095-9C5C-49FC-ABF2-7382262CE66F}"
EndProject
Project("{2150E333-8FDC-42A3-9474-1A3956D46DE8}") = "TBCppStudy", "TBCppStudy", "{E435B82D-DC66-4F5E-B082-92E68A700285}"
EndProject
Project("{8BC9CEB8-8B4A-11D0-8D11-00A0C91BC942}") = "Chapter1_1", "Chapter1_1\Chapter1_1.vcxproj", "{771EF47A-B103-490A-9312-F5B0FCA8DFD2}"
EndProject
Project("{2150E333-8FDC-42A3-9474-1A3956D46DE8}") = "YC", "YC", "{178187F7-E98C-43B0-8D05-DD221D88638E}"
EndProject
Project("{8BC9CEB8-8B4A-11D0-8D11-00A0C91BC942}") = "YC_STX", "YC_STX\YC_STX.vcxproj", "{E6B9614F-C5F1-40F2-8FEF-AD30E991ABBC}"
EndProject
Global
	GlobalSection(SolutionConfigurationPlatforms) = preSolution
		Debug|Any CPU = Debug|Any CPU
		Debug|x64 = Debug|x64
		Debug|x86 = Debug|x86
		Release|Any CPU = Release|Any CPU
		Release|x64 = Release|x64
		Release|x86 = Release|x86
	EndGlobalSection
	GlobalSection(ProjectConfigurationPlatforms) = postSolution
		{85EAF192-D2A8-4DEE-B5A0-31D1D8B97351}.Debug|Any CPU.ActiveCfg = Debug|x64
		{85EAF192-D2A8-4DEE-B5A0-31D1D8B97351}.Debug|Any CPU.Build.0 = Debug|x64
		{85EAF192-D2A8-4DEE-B5A0-31D1D8B97351}.Debug|x64.ActiveCfg = Debug|x64
		{85EAF192-D2A8-4DEE-B5A0-31D1D8B97351}.Debug|x64.Build.0 = Debug|x64
		{85EAF192-D2A8-4DEE-B5A0-31D1D8B97351}.Debug|x86.ActiveCfg = Debug|Win32
		{85EAF192-D2A8-4DEE-B5A0-31D1D8B97351}.Debug|x86.Build.0 = Debug|Win32
		{85EAF192-D2A8-4DEE-B5A0-31D1D8B97351}.Release|Any CPU.ActiveCfg = Release|x64
		{85EAF192-D2A8-4DEE-B5A0-31D1D8B97351}.Release|Any CPU.Build.0 = Release|x64
		{85EAF192-D2A8-4DEE-B5A0-31D1D8B97351}.Release|x64.ActiveCfg = Release|x64
		{85EAF192-D2A8-4DEE-B5A0-31D1D8B97351}.Release|x64.Build.0 = Release|x64
		{85EAF192-D2A8-4DEE-B5A0-31D1D8B97351}.Release|x86.ActiveCfg = Release|Win32
		{85EAF192-D2A8-4DEE-B5A0-31D1D8B97351}.Release|x86.Build.0 = Release|Win32
		{866EC93C-FF17-4549-9D84-EA669B78FF81}.Debug|Any CPU.ActiveCfg = Debug|x64
		{866EC93C-FF17-4549-9D84-EA669B78FF81}.Debug|Any CPU.Build.0 = Debug|x64
		{866EC93C-FF17-4549-9D84-EA669B78FF81}.Debug|x64.ActiveCfg = Debug|x64
		{866EC93C-FF17-4549-9D84-EA669B78FF81}.Debug|x64.Build.0 = Debug|x64
		{866EC93C-FF17-4549-9D84-EA669B78FF81}.Debug|x86.ActiveCfg = Debug|Win32
		{866EC93C-FF17-4549-9D84-EA669B78FF81}.Debug|x86.Build.0 = Debug|Win32
		{866EC93C-FF17-4549-9D84-EA669B78FF81}.Release|Any CPU.ActiveCfg = Release|x64
		{866EC93C-FF17-4549-9D84-EA669B78FF81}.Release|Any CPU.Build.0 = Release|x64
		{866EC93C-FF17-4549-9D84-EA669B78FF81}.Release|x64.ActiveCfg = Release|x64
		{866EC93C-FF17-4549-9D84-EA669B78FF81}.Release|x64.Build.0 = Release|x64
		{866EC93C-FF17-4549-9D84-EA669B78FF81}.Release|x86.ActiveCfg = Release|Win32
		{866EC93C-FF17-4549-9D84-EA669B78FF81}.Release|x86.Build.0 = Release|Win32
		{22422095-9C5C-49FC-ABF2-7382262CE66F}.Debug|Any CPU.ActiveCfg = Debug|x64
		{22422095-9C5C-49FC-ABF2-7382262CE66F}.Debug|Any CPU.Build.0 = Debug|x64
		{22422095-9C5C-49FC-ABF2-7382262CE66F}.Debug|x64.ActiveCfg = Debug|x64
		{22422095-9C5C-49FC-ABF2-7382262CE66F}.Debug|x64.Build.0 = Debug|x64
		{22422095-9C5C-49FC-ABF2-7382262CE66F}.Debug|x86.ActiveCfg = Debug|Win32
		{22422095-9C5C-49FC-ABF2-7382262CE66F}.Debug|x86.Build.0 = Debug|Win32
		{22422095-9C5C-49FC-ABF2-7382262CE66F}.Release|Any CPU.ActiveCfg = Release|x64
		{22422095-9C5C-49FC-ABF2-7382262CE66F}.Release|Any CPU.Build.0 = Release|x64
		{22422095-9C5C-49FC-ABF2-7382262CE66F}.Release|x64.ActiveCfg = Release|x64
		{22422095-9C5C-49FC-ABF2-7382262CE66F}.Release|x64.Build.0 = Release|x64
		{22422095-9C5C-49FC-ABF2-7382262CE66F}.Release|x86.ActiveCfg = Release|Win32
		{22422095-9C5C-49FC-ABF2-7382262CE66F}.Release|x86.Build.0 = Release|Win32
		{771EF47A-B103-490A-9312-F5B0FCA8DFD2}.Debug|Any CPU.ActiveCfg = Debug|x64
		{771EF47A-B103-490A-9312-F5B0FCA8DFD2}.Debug|Any CPU.Build.0 = Debug|x64
		{771EF47A-B103-490A-9312-F5B0FCA8DFD2}.Debug|x64.ActiveCfg = Debug|x64
		{771EF47A-B103-490A-9312-F5B0FCA8DFD2}.Debug|x64.Build.0 = Debug|x64
		{771EF47A-B103-490A-9312-F5B0FCA8DFD2}.Debug|x86.ActiveCfg = Debug|Win32
		{771EF47A-B103-490A-9312-F5B0FCA8DFD2}.Debug|x86.Build.0 = Debug|Win32
		{771EF47A-B103-490A-9312-F5B0FCA8DFD2}.Release|Any CPU.ActiveCfg = Release|x64
		{771EF47A-B103-490A-9312-F5B0FCA8DFD2}.Release|Any CPU.Build.0 = Release|x64
		{771EF47A-B103-490A-9312-F5B0FCA8DFD2}.Release|x64.ActiveCfg = Release|x64
		{771EF47A-B103-490A-9312-F5B0FCA8DFD2}.Release|x64.Build.0 = Release|x64
		{771EF47A-B103-490A-9312-F5B0FCA8DFD2}.Release|x86.ActiveCfg = Release|Win32
		{771EF47A-B103-490A-9312-F5B0FCA8DFD2}.Release|x86.Build.0 = Release|Win32
		{E6B9614F-C5F1-40F2-8FEF-AD30E991ABBC}.Debug|Any CPU.ActiveCfg = Debug|x64
		{E6B9614F-C5F1-40F2-8FEF-AD30E991ABBC}.Debug|Any CPU.Build.0 = Debug|x64
		{E6B9614F-C5F1-40F2-8FEF-AD30E991ABBC}.Debug|x64.ActiveCfg = Debug|x64
		{E6B9614F-C5F1-40F2-8FEF-AD30E991ABBC}.Debug|x64.Build.0 = Debug|x64
		{E6B9614F-C5F1-40F2-8FEF-AD30E991ABBC}.Debug|x86.ActiveCfg = Debug|Win32
		{E6B9614F-C5F1-40F2-8FEF-AD30E991ABBC}.Debug|x86.Build.0 = Debug|Win32
		{E6B9614F-C5F1-40F2-8FEF-AD30E991ABBC}.Release|Any CPU.ActiveCfg = Release|x64
		{E6B9614F-C5F1-40F2-8FEF-AD30E991ABBC}.Release|Any CPU.Build.0 = Release|x64
		{E6B9614F-C5F1-40F2-8FEF-AD30E991ABBC}.Release|x64.ActiveCfg = Release|x64
		{E6B9614F-C5F1-40F2-8FEF-AD30E991ABBC}.Release|x64.Build.0 = Release|x64
		{E6B9614F-C5F1-40F2-8FEF-AD30E991ABBC}.Release|x86.ActiveCfg = Release|Win32
		{E6B9614F-C5F1-40F2-8FEF-AD30E991ABBC}.Release|x86.Build.0 = Release|Win32
	EndGlobalSection
	GlobalSection(SolutionProperties) = preSolution
		HideSolutionNode = FALSE
	EndGlobalSection
	GlobalSection(NestedProjects) = preSolution
		{85EAF192-D2A8-4DEE-B5A0-31D1D8B97351} = {A650BE33-D32F-45F4-B02A-8D82CA6C2D16}
		{E2397277-E867-4C9D-803C-31B1763EBF48} = {A650BE33-D32F-45F4-B02A-8D82CA6C2D16}
		{866EC93C-FF17-4549-9D84-EA669B78FF81} = {E2397277-E867-4C9D-803C-31B1763EBF48}
		{7BDF8B28-3520-4543-B359-630DEBDE0EDC} = {25133DA5-F628-4995-88C5-E2514E4E3078}
		{22422095-9C5C-49FC-ABF2-7382262CE66F} = {7BDF8B28-3520-4543-B359-630DEBDE0EDC}
		{771EF47A-B103-490A-9312-F5B0FCA8DFD2} = {E435B82D-DC66-4F5E-B082-92E68A700285}
		{E6B9614F-C5F1-40F2-8FEF-AD30E991ABBC} = {178187F7-E98C-43B0-8D05-DD221D88638E}
	EndGlobalSection
	GlobalSection(ExtensibilityGlobals) = postSolution
		SolutionGuid = {55B4212C-0681-460F-A9AE-1F99E28DDC0F}
	EndGlobalSection
EndGlobal
