
Microsoft Visual Studio Solution File, Format Version 12.00
# Visual Studio Version 17
VisualStudioVersion = 17.5.33424.131
MinimumVisualStudioVersion = 10.0.40219.1
Project("{8BC9CEB8-8B4A-11D0-8D11-00A0C91BC942}") = "ThisIsC++", "ThisIsC++\ThisIsC++.vcxproj", "{85EAF192-D2A8-4DEE-B5A0-31D1D8B97351}"
EndProject
Project("{2150E333-8FDC-42A3-9474-1A3956D46DE8}") = "7장_연관컨테이너", "7장_연관컨테이너", "{EFD0AA69-6C06-4EA4-BC5A-60FCA7A6BE0D}"
EndProject
Project("{2150E333-8FDC-42A3-9474-1A3956D46DE8}") = "STL", "STL", "{25133DA5-F628-4995-88C5-E2514E4E3078}"
EndProject
Project("{8BC9CEB8-8B4A-11D0-8D11-00A0C91BC942}") = "7장_연관컨테이너", "7장_연관컨테이너\7장_연관컨테이너.vcxproj", "{D43F829A-3F13-4A75-8A2A-7EC0C590B698}"
EndProject
Project("{2150E333-8FDC-42A3-9474-1A3956D46DE8}") = "C++", "C++", "{A650BE33-D32F-45F4-B02A-8D82CA6C2D16}"
EndProject
Project("{2150E333-8FDC-42A3-9474-1A3956D46DE8}") = "실습과제", "실습과제", "{E2397277-E867-4C9D-803C-31B1763EBF48}"
EndProject
Project("{8BC9CEB8-8B4A-11D0-8D11-00A0C91BC942}") = "StringCtrlSample", "StringCtrlSample\StringCtrlSample.vcxproj", "{866EC93C-FF17-4549-9D84-EA669B78FF81}"
EndProject
Project("{2150E333-8FDC-42A3-9474-1A3956D46DE8}") = "1장_연산자오버로딩", "1장_연산자오버로딩", "{7BDF8B28-3520-4543-B359-630DEBDE0EDC}"
EndProject
Project("{8BC9CEB8-8B4A-11D0-8D11-00A0C91BC942}") = "Charpter01 연산자 오버로딩", "Charpter01 연산자 오버로딩\Charpter01 연산자 오버로딩.vcxproj", "{22422095-9C5C-49FC-ABF2-7382262CE66F}"
EndProject
Global
	GlobalSection(SolutionConfigurationPlatforms) = preSolution
		Debug|x64 = Debug|x64
		Debug|x86 = Debug|x86
		Release|x64 = Release|x64
		Release|x86 = Release|x86
	EndGlobalSection
	GlobalSection(ProjectConfigurationPlatforms) = postSolution
		{85EAF192-D2A8-4DEE-B5A0-31D1D8B97351}.Debug|x64.ActiveCfg = Debug|x64
		{85EAF192-D2A8-4DEE-B5A0-31D1D8B97351}.Debug|x64.Build.0 = Debug|x64
		{85EAF192-D2A8-4DEE-B5A0-31D1D8B97351}.Debug|x86.ActiveCfg = Debug|Win32
		{85EAF192-D2A8-4DEE-B5A0-31D1D8B97351}.Debug|x86.Build.0 = Debug|Win32
		{85EAF192-D2A8-4DEE-B5A0-31D1D8B97351}.Release|x64.ActiveCfg = Release|x64
		{85EAF192-D2A8-4DEE-B5A0-31D1D8B97351}.Release|x64.Build.0 = Release|x64
		{85EAF192-D2A8-4DEE-B5A0-31D1D8B97351}.Release|x86.ActiveCfg = Release|Win32
		{85EAF192-D2A8-4DEE-B5A0-31D1D8B97351}.Release|x86.Build.0 = Release|Win32
		{D43F829A-3F13-4A75-8A2A-7EC0C590B698}.Debug|x64.ActiveCfg = Debug|x64
		{D43F829A-3F13-4A75-8A2A-7EC0C590B698}.Debug|x64.Build.0 = Debug|x64
		{D43F829A-3F13-4A75-8A2A-7EC0C590B698}.Debug|x86.ActiveCfg = Debug|Win32
		{D43F829A-3F13-4A75-8A2A-7EC0C590B698}.Debug|x86.Build.0 = Debug|Win32
		{D43F829A-3F13-4A75-8A2A-7EC0C590B698}.Release|x64.ActiveCfg = Release|x64
		{D43F829A-3F13-4A75-8A2A-7EC0C590B698}.Release|x64.Build.0 = Release|x64
		{D43F829A-3F13-4A75-8A2A-7EC0C590B698}.Release|x86.ActiveCfg = Release|Win32
		{D43F829A-3F13-4A75-8A2A-7EC0C590B698}.Release|x86.Build.0 = Release|Win32
		{866EC93C-FF17-4549-9D84-EA669B78FF81}.Debug|x64.ActiveCfg = Debug|x64
		{866EC93C-FF17-4549-9D84-EA669B78FF81}.Debug|x64.Build.0 = Debug|x64
		{866EC93C-FF17-4549-9D84-EA669B78FF81}.Debug|x86.ActiveCfg = Debug|Win32
		{866EC93C-FF17-4549-9D84-EA669B78FF81}.Debug|x86.Build.0 = Debug|Win32
		{866EC93C-FF17-4549-9D84-EA669B78FF81}.Release|x64.ActiveCfg = Release|x64
		{866EC93C-FF17-4549-9D84-EA669B78FF81}.Release|x64.Build.0 = Release|x64
		{866EC93C-FF17-4549-9D84-EA669B78FF81}.Release|x86.ActiveCfg = Release|Win32
		{866EC93C-FF17-4549-9D84-EA669B78FF81}.Release|x86.Build.0 = Release|Win32
		{22422095-9C5C-49FC-ABF2-7382262CE66F}.Debug|x64.ActiveCfg = Debug|x64
		{22422095-9C5C-49FC-ABF2-7382262CE66F}.Debug|x64.Build.0 = Debug|x64
		{22422095-9C5C-49FC-ABF2-7382262CE66F}.Debug|x86.ActiveCfg = Debug|Win32
		{22422095-9C5C-49FC-ABF2-7382262CE66F}.Debug|x86.Build.0 = Debug|Win32
		{22422095-9C5C-49FC-ABF2-7382262CE66F}.Release|x64.ActiveCfg = Release|x64
		{22422095-9C5C-49FC-ABF2-7382262CE66F}.Release|x64.Build.0 = Release|x64
		{22422095-9C5C-49FC-ABF2-7382262CE66F}.Release|x86.ActiveCfg = Release|Win32
		{22422095-9C5C-49FC-ABF2-7382262CE66F}.Release|x86.Build.0 = Release|Win32
	EndGlobalSection
	GlobalSection(SolutionProperties) = preSolution
		HideSolutionNode = FALSE
	EndGlobalSection
	GlobalSection(NestedProjects) = preSolution
		{85EAF192-D2A8-4DEE-B5A0-31D1D8B97351} = {A650BE33-D32F-45F4-B02A-8D82CA6C2D16}
		{EFD0AA69-6C06-4EA4-BC5A-60FCA7A6BE0D} = {25133DA5-F628-4995-88C5-E2514E4E3078}
		{D43F829A-3F13-4A75-8A2A-7EC0C590B698} = {EFD0AA69-6C06-4EA4-BC5A-60FCA7A6BE0D}
		{E2397277-E867-4C9D-803C-31B1763EBF48} = {A650BE33-D32F-45F4-B02A-8D82CA6C2D16}
		{866EC93C-FF17-4549-9D84-EA669B78FF81} = {E2397277-E867-4C9D-803C-31B1763EBF48}
		{7BDF8B28-3520-4543-B359-630DEBDE0EDC} = {25133DA5-F628-4995-88C5-E2514E4E3078}
		{22422095-9C5C-49FC-ABF2-7382262CE66F} = {7BDF8B28-3520-4543-B359-630DEBDE0EDC}
	EndGlobalSection
	GlobalSection(ExtensibilityGlobals) = postSolution
		SolutionGuid = {55B4212C-0681-460F-A9AE-1F99E28DDC0F}
	EndGlobalSection
EndGlobal
