<?xml version="1.0" encoding="utf-8"?>
<Project ToolsVersion="4.0" xmlns="http://schemas.microsoft.com/developer/msbuild/2003">
  <ItemGroup>
    <Filter Include="소스 파일">
      <UniqueIdentifier>{4FC737F1-C7A5-4376-A066-2A32D752A2FF}</UniqueIdentifier>
      <Extensions>cpp;c;cc;cxx;c++;cppm;ixx;def;odl;idl;hpj;bat;asm;asmx</Extensions>
    </Filter>
    <Filter Include="헤더 파일">
      <UniqueIdentifier>{93995380-89BD-4b04-88EB-625FBE52EBFB}</UniqueIdentifier>
      <Extensions>h;hh;hpp;hxx;h++;hm;inl;inc;ipp;xsd</Extensions>
    </Filter>
    <Filter Include="리소스 파일">
      <UniqueIdentifier>{67DA6AB6-F800-4c08-8B7A-83BB121AAD01}</UniqueIdentifier>
      <Extensions>rc;ico;cur;bmp;dlg;rc2;rct;bin;rgs;gif;jpg;jpeg;jpe;resx;tiff;tif;png;wav;mfcribbon-ms</Extensions>
    </Filter>
    <Filter Include="소스 파일\CH1.C와는다른C++">
      <UniqueIdentifier>{8290ef86-f462-40c7-94fc-4bb589b67633}</UniqueIdentifier>
    </Filter>
    <Filter Include="소스 파일\CH2_C++함수와네임스페이스">
      <UniqueIdentifier>{9ba2839e-4871-40d1-9775-f14d83e5c878}</UniqueIdentifier>
    </Filter>
    <Filter Include="소스 파일\CH3_클래스">
      <UniqueIdentifier>{92d4a53b-cbb9-4d33-9f9e-37ac6fd425c1}</UniqueIdentifier>
    </Filter>
  </ItemGroup>
  <ItemGroup>
    <ClCompile Include="CH1_EX_02.cpp">
      <Filter>소스 파일\CH1.C와는다른C++</Filter>
    </ClCompile>
    <ClCompile Include="CH1_EX_01.cpp">
      <Filter>소스 파일\CH1.C와는다른C++</Filter>
    </ClCompile>
    <ClCompile Include="CH1_EX_03.cpp">
      <Filter>소스 파일\CH1.C와는다른C++</Filter>
    </ClCompile>
    <ClCompile Include="CH1_EX_04.cpp">
      <Filter>소스 파일\CH1.C와는다른C++</Filter>
    </ClCompile>
    <ClCompile Include="CH1_EX_05.cpp">
      <Filter>소스 파일\CH1.C와는다른C++</Filter>
    </ClCompile>
    <ClCompile Include="CH1_EX_06.cpp">
      <Filter>소스 파일\CH1.C와는다른C++</Filter>
    </ClCompile>
    <ClCompile Include="CH1_EX_07.cpp">
      <Filter>소스 파일\CH1.C와는다른C++</Filter>
    </ClCompile>
    <ClCompile Include="CH1_EX_08.cpp">
      <Filter>소스 파일\CH1.C와는다른C++</Filter>
    </ClCompile>
    <ClCompile Include="CH1_EX_09.cpp">
      <Filter>소스 파일\CH1.C와는다른C++</Filter>
    </ClCompile>
    <ClCompile Include="CH1_EX_10.cpp">
      <Filter>소스 파일\CH1.C와는다른C++</Filter>
    </ClCompile>
    <ClCompile Include="CH1_EX_11.cpp">
      <Filter>소스 파일\CH1.C와는다른C++</Filter>
    </ClCompile>
    <ClCompile Include="CH1_EX_12.cpp">
      <Filter>소스 파일\CH1.C와는다른C++</Filter>
    </ClCompile>
    <ClCompile Include="CH1_PR_01.cpp">
      <Filter>소스 파일\CH1.C와는다른C++</Filter>
    </ClCompile>
    <ClCompile Include="CH1_PR_02.cpp">
      <Filter>소스 파일\CH1.C와는다른C++</Filter>
    </ClCompile>
    <ClCompile Include="CH1_PR_03.cpp">
      <Filter>소스 파일\CH1.C와는다른C++</Filter>
    </ClCompile>
    <ClCompile Include="CH1_PR_04.cpp">
      <Filter>소스 파일\CH1.C와는다른C++</Filter>
    </ClCompile>
    <ClCompile Include="CH1_PR_05.cpp">
      <Filter>소스 파일\CH1.C와는다른C++</Filter>
    </ClCompile>
    <ClCompile Include="CH2_EX_01.cpp">
      <Filter>소스 파일\CH2_C++함수와네임스페이스</Filter>
    </ClCompile>
    <ClCompile Include="CH2_EX_02.cpp">
      <Filter>소스 파일\CH2_C++함수와네임스페이스</Filter>
    </ClCompile>
    <ClCompile Include="CH2_EX_03.cpp">
      <Filter>소스 파일\CH2_C++함수와네임스페이스</Filter>
    </ClCompile>
    <ClCompile Include="CH2_EX_04.cpp">
      <Filter>소스 파일\CH2_C++함수와네임스페이스</Filter>
    </ClCompile>
    <ClCompile Include="CH2_EX_05.cpp">
      <Filter>소스 파일\CH2_C++함수와네임스페이스</Filter>
    </ClCompile>
    <ClCompile Include="CH2_EX_06.cpp">
      <Filter>소스 파일\CH2_C++함수와네임스페이스</Filter>
    </ClCompile>
    <ClCompile Include="CH2_EX_07.cpp">
      <Filter>소스 파일\CH2_C++함수와네임스페이스</Filter>
    </ClCompile>
    <ClCompile Include="CH2_EX_08.cpp">
      <Filter>소스 파일\CH2_C++함수와네임스페이스</Filter>
    </ClCompile>
    <ClCompile Include="CH2_EX_09.cpp">
      <Filter>소스 파일\CH2_C++함수와네임스페이스</Filter>
    </ClCompile>
    <ClCompile Include="CH2_EX_10.cpp">
      <Filter>소스 파일\CH2_C++함수와네임스페이스</Filter>
    </ClCompile>
    <ClCompile Include="CH2_EX_11.cpp">
      <Filter>소스 파일\CH2_C++함수와네임스페이스</Filter>
    </ClCompile>
    <ClCompile Include="CH2_EX_12.cpp">
      <Filter>소스 파일\CH2_C++함수와네임스페이스</Filter>
    </ClCompile>
    <ClCompile Include="CH2_EX_13.cpp">
      <Filter>소스 파일\CH2_C++함수와네임스페이스</Filter>
    </ClCompile>
    <ClCompile Include="CH2_EX_14.cpp">
      <Filter>소스 파일\CH2_C++함수와네임스페이스</Filter>
    </ClCompile>
    <ClCompile Include="CH2_EX_15.cpp">
      <Filter>소스 파일\CH2_C++함수와네임스페이스</Filter>
    </ClCompile>
    <ClCompile Include="CH2_EX_16.cpp">
      <Filter>소스 파일\CH2_C++함수와네임스페이스</Filter>
    </ClCompile>
    <ClCompile Include="CH2_EX_17.cpp">
      <Filter>소스 파일\CH2_C++함수와네임스페이스</Filter>
    </ClCompile>
    <ClCompile Include="CH3_EX_01.c">
      <Filter>소스 파일\CH3_클래스</Filter>
    </ClCompile>
    <ClCompile Include="CH3_EX_02.cpp">
      <Filter>소스 파일\CH3_클래스</Filter>
    </ClCompile>
    <ClCompile Include="CH3_EX_03.cpp">
      <Filter>소스 파일\CH3_클래스</Filter>
    </ClCompile>
    <ClCompile Include="CH3_EX_04.cpp">
      <Filter>소스 파일\CH3_클래스</Filter>
    </ClCompile>
    <ClCompile Include="CH3_EX_05.cpp">
      <Filter>소스 파일\CH3_클래스</Filter>
    </ClCompile>
    <ClCompile Include="CH3_EX_06.cpp">
      <Filter>소스 파일\CH3_클래스</Filter>
    </ClCompile>
    <ClCompile Include="CH3_EX_07.cpp">
      <Filter>소스 파일\CH3_클래스</Filter>
    </ClCompile>
    <ClCompile Include="CH3_EX_08.cpp">
      <Filter>소스 파일\CH3_클래스</Filter>
    </ClCompile>
    <ClCompile Include="CH3_EX_09.cpp">
      <Filter>소스 파일\CH3_클래스</Filter>
    </ClCompile>
    <ClCompile Include="CH3_EX_11.cpp">
      <Filter>소스 파일\CH3_클래스</Filter>
    </ClCompile>
    <ClCompile Include="CH3_EX_10.cpp">
      <Filter>소스 파일\CH3_클래스</Filter>
    </ClCompile>
    <ClCompile Include="CH3_EX_12.cpp">
      <Filter>소스 파일\CH3_클래스</Filter>
    </ClCompile>
  </ItemGroup>
</Project>