<?xml version="1.0" encoding="utf-8"?>
<Project ToolsVersion="4.0" xmlns="http://schemas.microsoft.com/developer/msbuild/2003">
  <ItemGroup>
    <Filter Include="헤더 파일">
      <UniqueIdentifier>{93995380-89BD-4b04-88EB-625FBE52EBFB}</UniqueIdentifier>
      <Extensions>h;hh;hpp;hxx;h++;hm;inl;inc;ipp;xsd</Extensions>
    </Filter>
    <Filter Include="기초">
      <UniqueIdentifier>{acad2474-f7cb-4882-a0bc-022b4d5ece57}</UniqueIdentifier>
    </Filter>
    <Filter Include="기초\LV01">
      <UniqueIdentifier>{094c22a4-eccf-43f5-a08a-64c12348fbdc}</UniqueIdentifier>
    </Filter>
    <Filter Include="기초\LV01\연습문제">
      <UniqueIdentifier>{dba3e346-69f9-4711-af14-5ab76e16e7bd}</UniqueIdentifier>
    </Filter>
    <Filter Include="기초\LV01\복습문제">
      <UniqueIdentifier>{79b2727e-b7c3-4c4d-9aa4-5da48ffd6270}</UniqueIdentifier>
    </Filter>
    <Filter Include="기초\LV02">
      <UniqueIdentifier>{39b74e04-cdbf-4e89-9edc-58113cc4eb97}</UniqueIdentifier>
    </Filter>
    <Filter Include="기초\LV02\연습문제">
      <UniqueIdentifier>{0af6bad1-c412-4616-a7ed-279d5c3c5b85}</UniqueIdentifier>
    </Filter>
    <Filter Include="기초\LV02\복습문제">
      <UniqueIdentifier>{6a05a73f-954d-4f16-8365-1d5cfca03a3f}</UniqueIdentifier>
    </Filter>
    <Filter Include="기초\LV03">
      <UniqueIdentifier>{03e24013-79eb-4b1b-a7e4-964d838f8bca}</UniqueIdentifier>
    </Filter>
    <Filter Include="기초\LV03\복습문제">
      <UniqueIdentifier>{4c737ebc-72c7-4a3b-91d2-f09576468c33}</UniqueIdentifier>
    </Filter>
    <Filter Include="기초\LV03\연습문제">
      <UniqueIdentifier>{ff4979f2-885d-47e6-a875-d768f87022d2}</UniqueIdentifier>
    </Filter>
    <Filter Include="기초\LV04">
      <UniqueIdentifier>{b63c0e98-4746-4022-b3a0-6765e7d3e9f5}</UniqueIdentifier>
    </Filter>
    <Filter Include="기초\LV04\연습문제">
      <UniqueIdentifier>{5e9eb8e1-2b1f-463a-988f-d2603a0dacff}</UniqueIdentifier>
    </Filter>
    <Filter Include="기초\LV04\복습문제">
      <UniqueIdentifier>{2b6f1eda-1f89-4d05-a7fe-7f0ac8ba8b21}</UniqueIdentifier>
    </Filter>
    <Filter Include="기초\LV05">
      <UniqueIdentifier>{ad59b023-43e6-4981-9668-7f0398b1514f}</UniqueIdentifier>
    </Filter>
    <Filter Include="기초\LV05\복습문제">
      <UniqueIdentifier>{36c46f44-61e9-458e-bcc3-7b2d6a9ec955}</UniqueIdentifier>
    </Filter>
    <Filter Include="기초\LV05\연습문제">
      <UniqueIdentifier>{24f2c096-fa97-435d-8b72-a543688de0d1}</UniqueIdentifier>
    </Filter>
    <Filter Include="기초\LV06">
      <UniqueIdentifier>{9424649e-fecb-46d4-a1a3-7f1cd484b54e}</UniqueIdentifier>
    </Filter>
    <Filter Include="기초\LV06\복습문제">
      <UniqueIdentifier>{ac47702a-1111-4074-b923-494aa0e6c878}</UniqueIdentifier>
    </Filter>
    <Filter Include="기초\LV06\연습문제">
      <UniqueIdentifier>{abb8b179-5847-4d50-bf0a-18b20fb0a393}</UniqueIdentifier>
    </Filter>
    <Filter Include="기초\LV07">
      <UniqueIdentifier>{ed15d75b-582a-435a-9361-9bc8907090c7}</UniqueIdentifier>
    </Filter>
    <Filter Include="기초\LV07\복습문제">
      <UniqueIdentifier>{871972bd-f37b-4180-afe4-563ec8914e50}</UniqueIdentifier>
    </Filter>
    <Filter Include="기초\LV07\연습문제">
      <UniqueIdentifier>{fcb66ed2-bfcc-4cf4-a1d2-bc1675d5ba50}</UniqueIdentifier>
    </Filter>
    <Filter Include="기초\LV08">
      <UniqueIdentifier>{cc5389e6-fad5-40cb-b080-d45fe0b127ca}</UniqueIdentifier>
    </Filter>
    <Filter Include="기초\LV08\연습문제">
      <UniqueIdentifier>{02a76e9d-0044-4583-a68d-a5919d936116}</UniqueIdentifier>
    </Filter>
    <Filter Include="기초\LV08\복습문제">
      <UniqueIdentifier>{214dc831-6150-462d-9b09-c046947fe075}</UniqueIdentifier>
    </Filter>
    <Filter Include="기초\LV09">
      <UniqueIdentifier>{a97a2fe5-9a09-4013-8f7e-0891ee95bc2d}</UniqueIdentifier>
    </Filter>
    <Filter Include="기초\LV09\복습문제">
      <UniqueIdentifier>{f93df821-e736-4274-bdd3-1e2b784a84e4}</UniqueIdentifier>
    </Filter>
    <Filter Include="기초\LV09\연습문제">
      <UniqueIdentifier>{06c622b3-2939-40b3-b254-904fd9f74c81}</UniqueIdentifier>
    </Filter>
    <Filter Include="기초\LV10">
      <UniqueIdentifier>{f550cfbb-43e1-4991-b904-5769bd4e9504}</UniqueIdentifier>
    </Filter>
    <Filter Include="기초\LV10\연습문제">
      <UniqueIdentifier>{88c2943a-9f78-43d1-b7ae-721177a89053}</UniqueIdentifier>
    </Filter>
    <Filter Include="기초\LV10\복습문제">
      <UniqueIdentifier>{23ea9408-bd8b-4ec2-9c0f-295f62faa0e6}</UniqueIdentifier>
    </Filter>
    <Filter Include="기초\LV11">
      <UniqueIdentifier>{e6a73d46-d0bf-4fb8-bb82-b427104c8c59}</UniqueIdentifier>
    </Filter>
    <Filter Include="기초\LV11\연습문제">
      <UniqueIdentifier>{51f3dfd5-e67e-4054-bbb3-d508d88de10f}</UniqueIdentifier>
    </Filter>
    <Filter Include="기초\LV11\복습문제">
      <UniqueIdentifier>{c2ca128e-a7d4-44d4-a4ae-2ae72277ddd0}</UniqueIdentifier>
    </Filter>
    <Filter Include="기초\LV12">
      <UniqueIdentifier>{40a43870-5144-43e2-b06c-023b28664907}</UniqueIdentifier>
    </Filter>
    <Filter Include="기초\LV12\연습문제">
      <UniqueIdentifier>{1a1aed10-4994-43b3-8dc2-6ed96238324c}</UniqueIdentifier>
    </Filter>
    <Filter Include="기초\LV12\복습문제">
      <UniqueIdentifier>{13c44259-54e6-4182-a74d-6ab7d8da9518}</UniqueIdentifier>
    </Filter>
    <Filter Include="기초\LV13">
      <UniqueIdentifier>{65d1fa9d-a550-48a3-a43e-ff69ec0364c4}</UniqueIdentifier>
    </Filter>
    <Filter Include="기초\LV13\연습문제">
      <UniqueIdentifier>{4d5ab35f-714f-4dde-9b25-7f7476ce7d0f}</UniqueIdentifier>
    </Filter>
    <Filter Include="기초\LV14">
      <UniqueIdentifier>{111598c1-2206-4135-80a8-caa6f6d3c3d8}</UniqueIdentifier>
    </Filter>
    <Filter Include="기초\LV15">
      <UniqueIdentifier>{d857288f-370a-480a-a535-47b9669ea96d}</UniqueIdentifier>
    </Filter>
    <Filter Include="중급">
      <UniqueIdentifier>{0b69788e-926e-46a7-8846-60b228f722e6}</UniqueIdentifier>
    </Filter>
    <Filter Include="중급\LV01">
      <UniqueIdentifier>{d229f8bd-673f-4e24-a8b8-bdfc51fd82df}</UniqueIdentifier>
    </Filter>
    <Filter Include="중급\LV01\연습문제">
      <UniqueIdentifier>{9e03cb2d-0b51-4110-a34a-00233cec8187}</UniqueIdentifier>
    </Filter>
    <Filter Include="중급\LV01\복습문제">
      <UniqueIdentifier>{4d75d482-d5e3-49bc-a0cb-b0b5c2917e58}</UniqueIdentifier>
    </Filter>
    <Filter Include="중급\LV02">
      <UniqueIdentifier>{3075642b-eb4e-4fb1-a32d-8f1a4c8ac2bd}</UniqueIdentifier>
    </Filter>
    <Filter Include="중급\LV02\연습문제">
      <UniqueIdentifier>{f992b50c-dc84-4fa7-b742-93b14a4f4949}</UniqueIdentifier>
    </Filter>
    <Filter Include="중급\LV02\복습문제">
      <UniqueIdentifier>{1536f25c-e2dc-4876-a5db-df842531a98a}</UniqueIdentifier>
    </Filter>
    <Filter Include="중급\LV01\예제">
      <UniqueIdentifier>{47702a7b-7063-4e49-80a1-21b1d2d2aa71}</UniqueIdentifier>
    </Filter>
    <Filter Include="중급\LV02\예제">
      <UniqueIdentifier>{c7d353b7-b9bb-4071-8d19-aa4bd801a3db}</UniqueIdentifier>
    </Filter>
    <Filter Include="중급\LV03">
      <UniqueIdentifier>{c6d8e865-c098-4ff5-86aa-9824478611a1}</UniqueIdentifier>
    </Filter>
    <Filter Include="중급\LV03\연습문제">
      <UniqueIdentifier>{9973454e-81cd-4aaf-acee-cc070ab17179}</UniqueIdentifier>
    </Filter>
    <Filter Include="중급\LV03\복습문제">
      <UniqueIdentifier>{a52f6244-2a4c-468d-844c-ca797c37c1dd}</UniqueIdentifier>
    </Filter>
    <Filter Include="중급\LV04">
      <UniqueIdentifier>{0635f6fe-a2b7-4cfa-b06b-bb61a92e6968}</UniqueIdentifier>
    </Filter>
    <Filter Include="중급\LV04\연습문제">
      <UniqueIdentifier>{f0488b23-f9ee-4d76-adc8-a484efea7e0c}</UniqueIdentifier>
    </Filter>
    <Filter Include="중급\LV04\복습문제">
      <UniqueIdentifier>{48bbcbf6-2e84-4222-8c70-41547c595c9a}</UniqueIdentifier>
    </Filter>
    <Filter Include="중급\LV04\예제">
      <UniqueIdentifier>{b9c175eb-1b88-4cb8-a672-584cdd924b59}</UniqueIdentifier>
    </Filter>
    <Filter Include="중급\LV05">
      <UniqueIdentifier>{d13cbef0-eb6a-4972-9640-ee4210da7595}</UniqueIdentifier>
    </Filter>
    <Filter Include="중급\LV05\예제">
      <UniqueIdentifier>{aac74bb1-1ce7-4878-9366-65e52415a1ff}</UniqueIdentifier>
    </Filter>
    <Filter Include="중급\LV05\복습문제">
      <UniqueIdentifier>{e611345c-76b9-40db-9345-a5d5c6a26d98}</UniqueIdentifier>
    </Filter>
    <Filter Include="중급\LV05\연습문제">
      <UniqueIdentifier>{03953451-2c40-4c36-8102-50c34e373c4e}</UniqueIdentifier>
    </Filter>
    <Filter Include="중급\LV06">
      <UniqueIdentifier>{c06b9f74-beec-41ed-a6b0-48aeb8a099f7}</UniqueIdentifier>
    </Filter>
    <Filter Include="중급\LV06\복습문제">
      <UniqueIdentifier>{8c1b15de-8c14-42f9-9b68-a222c29cdab5}</UniqueIdentifier>
    </Filter>
    <Filter Include="중급\LV06\연습문제">
      <UniqueIdentifier>{2681b4e3-665b-4822-bd5e-4701f21976e2}</UniqueIdentifier>
    </Filter>
    <Filter Include="중급\LV06\예제">
      <UniqueIdentifier>{f2fa5fd0-d584-4414-a3c0-0de19e7688cb}</UniqueIdentifier>
    </Filter>
    <Filter Include="중급\LV07">
      <UniqueIdentifier>{95c38ca4-504c-4610-bdc2-cf9c5d1789ad}</UniqueIdentifier>
    </Filter>
    <Filter Include="중급\LV07\예제">
      <UniqueIdentifier>{5946e03f-de18-48eb-b46d-5afa6a2f5ffe}</UniqueIdentifier>
    </Filter>
    <Filter Include="중급\LV07\복습문제">
      <UniqueIdentifier>{23ed0c65-3e60-4c5c-a3bf-56230c7f1e18}</UniqueIdentifier>
    </Filter>
    <Filter Include="중급\LV07\연습문제">
      <UniqueIdentifier>{f0cd391d-b4f9-4d4a-b099-779aee3952fb}</UniqueIdentifier>
    </Filter>
    <Filter Include="중급\LV08">
      <UniqueIdentifier>{a9bf02e2-90b6-4d15-8a3f-6838195ce6e2}</UniqueIdentifier>
    </Filter>
    <Filter Include="중급\LV08\예제">
      <UniqueIdentifier>{68ada692-9294-4343-a73a-63fea74e329a}</UniqueIdentifier>
    </Filter>
    <Filter Include="중급\LV08\연습문제">
      <UniqueIdentifier>{54b5875b-d84b-4453-8f3d-bad616acacbe}</UniqueIdentifier>
    </Filter>
    <Filter Include="중급\LV08\복습문제">
      <UniqueIdentifier>{2e894952-9c8b-4f42-ae78-2fd85dd64254}</UniqueIdentifier>
    </Filter>
    <Filter Include="중급\LV09">
      <UniqueIdentifier>{df8818cf-38c4-48d2-aa4e-0324498d9b41}</UniqueIdentifier>
    </Filter>
    <Filter Include="중급\LV09\예제">
      <UniqueIdentifier>{cbd46b0d-d7b3-44b1-8bca-2e0ab40e42da}</UniqueIdentifier>
    </Filter>
    <Filter Include="중급\LV09\연습문제">
      <UniqueIdentifier>{2c83a5f1-825f-41f5-a61a-f4539f76767e}</UniqueIdentifier>
    </Filter>
    <Filter Include="중급\LV10">
      <UniqueIdentifier>{f69b5a96-e019-4e56-8c07-de7c209f1228}</UniqueIdentifier>
    </Filter>
    <Filter Include="중급\LV10\예제">
      <UniqueIdentifier>{09f6c433-6a0d-486e-9384-d33e34b28841}</UniqueIdentifier>
    </Filter>
  </ItemGroup>
  <ItemGroup>
    <ClCompile Include="LV01_PT1.cpp">
      <Filter>기초\LV01\연습문제</Filter>
    </ClCompile>
    <ClCompile Include="LV01_PT2.cpp">
      <Filter>기초\LV01\연습문제</Filter>
    </ClCompile>
    <ClCompile Include="LV01_PT3.cpp">
      <Filter>기초\LV01\연습문제</Filter>
    </ClCompile>
    <ClCompile Include="LV01_PT4.cpp">
      <Filter>기초\LV01\연습문제</Filter>
    </ClCompile>
    <ClCompile Include="LV01_PT5.cpp">
      <Filter>기초\LV01\연습문제</Filter>
    </ClCompile>
    <ClCompile Include="LV01_PT6.cpp">
      <Filter>기초\LV01\연습문제</Filter>
    </ClCompile>
    <ClCompile Include="LV01_PT7.cpp">
      <Filter>기초\LV01\연습문제</Filter>
    </ClCompile>
    <ClCompile Include="LV01_PT8.cpp">
      <Filter>기초\LV01\연습문제</Filter>
    </ClCompile>
    <ClCompile Include="LV01_PT9.cpp">
      <Filter>기초\LV01\연습문제</Filter>
    </ClCompile>
    <ClCompile Include="LV01_PT10.cpp">
      <Filter>기초\LV01\연습문제</Filter>
    </ClCompile>
    <ClCompile Include="LV01_PT11.cpp">
      <Filter>기초\LV01\연습문제</Filter>
    </ClCompile>
    <ClCompile Include="LV01_PT12.cpp">
      <Filter>기초\LV01\연습문제</Filter>
    </ClCompile>
    <ClCompile Include="LV01_PT13.cpp">
      <Filter>기초\LV01\연습문제</Filter>
    </ClCompile>
    <ClCompile Include="LV01_PT14.cpp">
      <Filter>기초\LV01\연습문제</Filter>
    </ClCompile>
    <ClCompile Include="LV01_RV1.cpp">
      <Filter>기초\LV01\복습문제</Filter>
    </ClCompile>
    <ClCompile Include="LV01_RV2.cpp">
      <Filter>기초\LV01\복습문제</Filter>
    </ClCompile>
    <ClCompile Include="LV01_RV3.cpp">
      <Filter>기초\LV01\복습문제</Filter>
    </ClCompile>
    <ClCompile Include="LV01_RV4.cpp">
      <Filter>기초\LV01\복습문제</Filter>
    </ClCompile>
    <ClCompile Include="LV01_RV5.cpp">
      <Filter>기초\LV01\복습문제</Filter>
    </ClCompile>
    <ClCompile Include="LV01_RV6.cpp">
      <Filter>기초\LV01\복습문제</Filter>
    </ClCompile>
    <ClCompile Include="LV01_RV7.cpp">
      <Filter>기초\LV01\복습문제</Filter>
    </ClCompile>
    <ClCompile Include="LV01_RV8.cpp">
      <Filter>기초\LV01\복습문제</Filter>
    </ClCompile>
    <ClCompile Include="LV01_RV9.cpp">
      <Filter>기초\LV01\복습문제</Filter>
    </ClCompile>
    <ClCompile Include="LV02_PT1.cpp">
      <Filter>기초\LV02\연습문제</Filter>
    </ClCompile>
    <ClCompile Include="LV02_PT2.cpp">
      <Filter>기초\LV02\연습문제</Filter>
    </ClCompile>
    <ClCompile Include="LV02_PT3.cpp">
      <Filter>기초\LV02\연습문제</Filter>
    </ClCompile>
    <ClCompile Include="LV02_PT4.cpp">
      <Filter>기초\LV02\연습문제</Filter>
    </ClCompile>
    <ClCompile Include="LV02_PT5.cpp">
      <Filter>기초\LV02\연습문제</Filter>
    </ClCompile>
    <ClCompile Include="LV02_PT6.cpp">
      <Filter>기초\LV02\연습문제</Filter>
    </ClCompile>
    <ClCompile Include="LV02_PT7.cpp">
      <Filter>기초\LV02\연습문제</Filter>
    </ClCompile>
    <ClCompile Include="LV02_PT8.cpp">
      <Filter>기초\LV02\연습문제</Filter>
    </ClCompile>
    <ClCompile Include="LV02_PT9.cpp">
      <Filter>기초\LV02\연습문제</Filter>
    </ClCompile>
    <ClCompile Include="LV02_PT10.cpp">
      <Filter>기초\LV02\연습문제</Filter>
    </ClCompile>
    <ClCompile Include="LV02_PT11.cpp">
      <Filter>기초\LV02\연습문제</Filter>
    </ClCompile>
    <ClCompile Include="LV02_PT12.cpp">
      <Filter>기초\LV02\연습문제</Filter>
    </ClCompile>
    <ClCompile Include="LV02_RV1.cpp">
      <Filter>기초\LV02\복습문제</Filter>
    </ClCompile>
    <ClCompile Include="LV02_RV2.cpp">
      <Filter>기초\LV02\복습문제</Filter>
    </ClCompile>
    <ClCompile Include="LV02_RV3.cpp">
      <Filter>기초\LV02\복습문제</Filter>
    </ClCompile>
    <ClCompile Include="LV02_RV4.cpp">
      <Filter>기초\LV02\복습문제</Filter>
    </ClCompile>
    <ClCompile Include="LV02_RV5.cpp">
      <Filter>기초\LV02\복습문제</Filter>
    </ClCompile>
    <ClCompile Include="LV02_RV6.cpp">
      <Filter>기초\LV02\복습문제</Filter>
    </ClCompile>
    <ClCompile Include="LV02_RV7.cpp">
      <Filter>기초\LV02\복습문제</Filter>
    </ClCompile>
    <ClCompile Include="LV02_RV8.cpp">
      <Filter>기초\LV02\복습문제</Filter>
    </ClCompile>
    <ClCompile Include="LV02_RV9.cpp">
      <Filter>기초\LV02\복습문제</Filter>
    </ClCompile>
    <ClCompile Include="LV02_RV10.cpp">
      <Filter>기초\LV02\복습문제</Filter>
    </ClCompile>
    <ClCompile Include="LV02_RV11.cpp">
      <Filter>기초\LV02\복습문제</Filter>
    </ClCompile>
    <ClCompile Include="LV03_PT1.cpp">
      <Filter>기초\LV03\연습문제</Filter>
    </ClCompile>
    <ClCompile Include="LV03_PT2.cpp">
      <Filter>기초\LV03\연습문제</Filter>
    </ClCompile>
    <ClCompile Include="LV03_PT3.cpp">
      <Filter>기초\LV03\연습문제</Filter>
    </ClCompile>
    <ClCompile Include="LV03_PT4.cpp">
      <Filter>기초\LV03\연습문제</Filter>
    </ClCompile>
    <ClCompile Include="LV03_PT5.cpp">
      <Filter>기초\LV03\연습문제</Filter>
    </ClCompile>
    <ClCompile Include="LV03_PT6.cpp">
      <Filter>기초\LV03\연습문제</Filter>
    </ClCompile>
    <ClCompile Include="LV03_PT7.cpp">
      <Filter>기초\LV03\연습문제</Filter>
    </ClCompile>
    <ClCompile Include="LV03_PT8.cpp">
      <Filter>기초\LV03\연습문제</Filter>
    </ClCompile>
    <ClCompile Include="LV03_PT9.cpp">
      <Filter>기초\LV03\연습문제</Filter>
    </ClCompile>
    <ClCompile Include="LV03_PT10.cpp">
      <Filter>기초\LV03\연습문제</Filter>
    </ClCompile>
    <ClCompile Include="LV03_PT11.cpp">
      <Filter>기초\LV03\연습문제</Filter>
    </ClCompile>
    <ClCompile Include="LV03_PT12.cpp">
      <Filter>기초\LV03\연습문제</Filter>
    </ClCompile>
    <ClCompile Include="LV03_PT13.cpp">
      <Filter>기초\LV03\연습문제</Filter>
    </ClCompile>
    <ClCompile Include="LV03_PT14.cpp">
      <Filter>기초\LV03\연습문제</Filter>
    </ClCompile>
    <ClCompile Include="LV03_PT15.cpp">
      <Filter>기초\LV03\연습문제</Filter>
    </ClCompile>
    <ClCompile Include="LV03_RV1.cpp">
      <Filter>기초\LV03\복습문제</Filter>
    </ClCompile>
    <ClCompile Include="LV03_RV2.cpp">
      <Filter>기초\LV03\복습문제</Filter>
    </ClCompile>
    <ClCompile Include="LV03_RV3.cpp">
      <Filter>기초\LV03\복습문제</Filter>
    </ClCompile>
    <ClCompile Include="LV03_RV4.cpp">
      <Filter>기초\LV03\복습문제</Filter>
    </ClCompile>
    <ClCompile Include="LV03_RV5.cpp">
      <Filter>기초\LV03\복습문제</Filter>
    </ClCompile>
    <ClCompile Include="LV03_RV6.cpp">
      <Filter>기초\LV03\복습문제</Filter>
    </ClCompile>
    <ClCompile Include="LV03_RV7.cpp">
      <Filter>기초\LV03\복습문제</Filter>
    </ClCompile>
    <ClCompile Include="LV03_RV8.cpp">
      <Filter>기초\LV03\복습문제</Filter>
    </ClCompile>
    <ClCompile Include="LV03_RV9.cpp">
      <Filter>기초\LV03\복습문제</Filter>
    </ClCompile>
    <ClCompile Include="LV03_RV10.cpp">
      <Filter>기초\LV03\복습문제</Filter>
    </ClCompile>
    <ClCompile Include="LV03_RV11.cpp">
      <Filter>기초\LV03\복습문제</Filter>
    </ClCompile>
    <ClCompile Include="LV03_RV12.cpp">
      <Filter>기초\LV03\복습문제</Filter>
    </ClCompile>
    <ClCompile Include="LV03_RV13.cpp">
      <Filter>기초\LV03\복습문제</Filter>
    </ClCompile>
    <ClCompile Include="LV03_RV14.cpp">
      <Filter>기초\LV03\복습문제</Filter>
    </ClCompile>
    <ClCompile Include="LV03_RV15.cpp">
      <Filter>기초\LV03\복습문제</Filter>
    </ClCompile>
    <ClCompile Include="LV04_PT1.cpp">
      <Filter>기초\LV04\연습문제</Filter>
    </ClCompile>
    <ClCompile Include="LV04_PT2.cpp">
      <Filter>기초\LV04\연습문제</Filter>
    </ClCompile>
    <ClCompile Include="LV04_PT3.cpp">
      <Filter>기초\LV04\연습문제</Filter>
    </ClCompile>
    <ClCompile Include="LV04_PT4.cpp">
      <Filter>기초\LV04\연습문제</Filter>
    </ClCompile>
    <ClCompile Include="LV04_PT5.cpp">
      <Filter>기초\LV04\연습문제</Filter>
    </ClCompile>
    <ClCompile Include="LV04_PT6.cpp">
      <Filter>기초\LV04\연습문제</Filter>
    </ClCompile>
    <ClCompile Include="LV04_PT7.cpp">
      <Filter>기초\LV04\연습문제</Filter>
    </ClCompile>
    <ClCompile Include="LV04_PT8.cpp">
      <Filter>기초\LV04\연습문제</Filter>
    </ClCompile>
    <ClCompile Include="LV04_PT9.cpp">
      <Filter>기초\LV04\연습문제</Filter>
    </ClCompile>
    <ClCompile Include="LV04_PT10.cpp">
      <Filter>기초\LV04\연습문제</Filter>
    </ClCompile>
    <ClCompile Include="LV04_PT11.cpp">
      <Filter>기초\LV04\연습문제</Filter>
    </ClCompile>
    <ClCompile Include="LV04_PT12.cpp">
      <Filter>기초\LV04\연습문제</Filter>
    </ClCompile>
    <ClCompile Include="LV04_RV1.cpp">
      <Filter>기초\LV04\복습문제</Filter>
    </ClCompile>
    <ClCompile Include="LV04_RV2.cpp">
      <Filter>기초\LV04\복습문제</Filter>
    </ClCompile>
    <ClCompile Include="LV04_RV3.cpp">
      <Filter>기초\LV04\복습문제</Filter>
    </ClCompile>
    <ClCompile Include="LV04_RV4.cpp">
      <Filter>기초\LV04\복습문제</Filter>
    </ClCompile>
    <ClCompile Include="LV04_RV5.cpp">
      <Filter>기초\LV04\복습문제</Filter>
    </ClCompile>
    <ClCompile Include="LV04_RV6.cpp">
      <Filter>기초\LV04\복습문제</Filter>
    </ClCompile>
    <ClCompile Include="LV04_RV7.cpp">
      <Filter>기초\LV04\복습문제</Filter>
    </ClCompile>
    <ClCompile Include="LV04_RV8.cpp">
      <Filter>기초\LV04\복습문제</Filter>
    </ClCompile>
    <ClCompile Include="LV04_RV9.cpp">
      <Filter>기초\LV04\복습문제</Filter>
    </ClCompile>
    <ClCompile Include="LV05_PT1.cpp">
      <Filter>기초\LV05\연습문제</Filter>
    </ClCompile>
    <ClCompile Include="LV05_PT2.cpp">
      <Filter>기초\LV05\연습문제</Filter>
    </ClCompile>
    <ClCompile Include="LV05_PT3.cpp">
      <Filter>기초\LV05\연습문제</Filter>
    </ClCompile>
    <ClCompile Include="LV05_PT4.cpp">
      <Filter>기초\LV05\연습문제</Filter>
    </ClCompile>
    <ClCompile Include="LV05_PT5.cpp">
      <Filter>기초\LV05\연습문제</Filter>
    </ClCompile>
    <ClCompile Include="LV05_PT6.cpp">
      <Filter>기초\LV05\연습문제</Filter>
    </ClCompile>
    <ClCompile Include="LV05_PT7.cpp">
      <Filter>기초\LV05\연습문제</Filter>
    </ClCompile>
    <ClCompile Include="LV05_PT8.cpp">
      <Filter>기초\LV05\연습문제</Filter>
    </ClCompile>
    <ClCompile Include="LV05_PT9.cpp">
      <Filter>기초\LV05\연습문제</Filter>
    </ClCompile>
    <ClCompile Include="LV05_PT10.cpp">
      <Filter>기초\LV05\연습문제</Filter>
    </ClCompile>
    <ClCompile Include="LV05_PT11.cpp">
      <Filter>기초\LV05\연습문제</Filter>
    </ClCompile>
    <ClCompile Include="LV05_PT12.cpp">
      <Filter>기초\LV05\연습문제</Filter>
    </ClCompile>
    <ClCompile Include="LV05_PT13.cpp">
      <Filter>기초\LV05\연습문제</Filter>
    </ClCompile>
    <ClCompile Include="LV05_RV1.cpp">
      <Filter>기초\LV05\복습문제</Filter>
    </ClCompile>
    <ClCompile Include="LV05_RV2.cpp">
      <Filter>기초\LV05\복습문제</Filter>
    </ClCompile>
    <ClCompile Include="LV05_RV3.cpp">
      <Filter>기초\LV05\복습문제</Filter>
    </ClCompile>
    <ClCompile Include="LV05_RV4.cpp">
      <Filter>기초\LV05\복습문제</Filter>
    </ClCompile>
    <ClCompile Include="LV05_RV5.cpp">
      <Filter>기초\LV05\복습문제</Filter>
    </ClCompile>
    <ClCompile Include="LV05_RV6.cpp">
      <Filter>기초\LV05\복습문제</Filter>
    </ClCompile>
    <ClCompile Include="LV05_RV7.cpp">
      <Filter>기초\LV05\복습문제</Filter>
    </ClCompile>
    <ClCompile Include="LV05_RV8.cpp">
      <Filter>기초\LV05\복습문제</Filter>
    </ClCompile>
    <ClCompile Include="LV05_RV9.cpp">
      <Filter>기초\LV05\복습문제</Filter>
    </ClCompile>
    <ClCompile Include="LV05_RV10.cpp">
      <Filter>기초\LV05\복습문제</Filter>
    </ClCompile>
    <ClCompile Include="LV05_RV11.cpp">
      <Filter>기초\LV05\복습문제</Filter>
    </ClCompile>
    <ClCompile Include="LV05_RV12.cpp">
      <Filter>기초\LV05\복습문제</Filter>
    </ClCompile>
    <ClCompile Include="LV05_RV13.cpp">
      <Filter>기초\LV05\복습문제</Filter>
    </ClCompile>
    <ClCompile Include="LV05_RV14.cpp">
      <Filter>기초\LV05\복습문제</Filter>
    </ClCompile>
    <ClCompile Include="LV06_PT1.cpp">
      <Filter>기초\LV06\연습문제</Filter>
    </ClCompile>
    <ClCompile Include="LV06_PT2.cpp">
      <Filter>기초\LV06\연습문제</Filter>
    </ClCompile>
    <ClCompile Include="LV06_PT3.cpp">
      <Filter>기초\LV06\연습문제</Filter>
    </ClCompile>
    <ClCompile Include="LV06_PT4.cpp">
      <Filter>기초\LV06\연습문제</Filter>
    </ClCompile>
    <ClCompile Include="LV06_PT5.cpp">
      <Filter>기초\LV06\연습문제</Filter>
    </ClCompile>
    <ClCompile Include="LV06_PT6.cpp">
      <Filter>기초\LV06\연습문제</Filter>
    </ClCompile>
    <ClCompile Include="LV06_PT7.cpp">
      <Filter>기초\LV06\연습문제</Filter>
    </ClCompile>
    <ClCompile Include="LV06_PT8.cpp">
      <Filter>기초\LV06\연습문제</Filter>
    </ClCompile>
    <ClCompile Include="LV06_PT9.cpp">
      <Filter>기초\LV06\연습문제</Filter>
    </ClCompile>
    <ClCompile Include="LV06_PT10.cpp">
      <Filter>기초\LV06\연습문제</Filter>
    </ClCompile>
    <ClCompile Include="LV06_PT11.cpp">
      <Filter>기초\LV06\연습문제</Filter>
    </ClCompile>
    <ClCompile Include="LV06_PT12.cpp">
      <Filter>기초\LV06\연습문제</Filter>
    </ClCompile>
    <ClCompile Include="LV06_PT13.cpp">
      <Filter>기초\LV06\연습문제</Filter>
    </ClCompile>
    <ClCompile Include="LV06_RV1.cpp">
      <Filter>기초\LV06\복습문제</Filter>
    </ClCompile>
    <ClCompile Include="LV06_RV2.cpp">
      <Filter>기초\LV06\복습문제</Filter>
    </ClCompile>
    <ClCompile Include="LV06_RV3.cpp">
      <Filter>기초\LV06\복습문제</Filter>
    </ClCompile>
    <ClCompile Include="LV06_RV4.cpp">
      <Filter>기초\LV06\복습문제</Filter>
    </ClCompile>
    <ClCompile Include="LV06_RV5.cpp">
      <Filter>기초\LV06\복습문제</Filter>
    </ClCompile>
    <ClCompile Include="LV06_RV6.cpp">
      <Filter>기초\LV06\복습문제</Filter>
    </ClCompile>
    <ClCompile Include="LV06_RV7.cpp">
      <Filter>기초\LV06\복습문제</Filter>
    </ClCompile>
    <ClCompile Include="LV06_RV8.cpp">
      <Filter>기초\LV06\복습문제</Filter>
    </ClCompile>
    <ClCompile Include="LV06_RV9.cpp">
      <Filter>기초\LV06\복습문제</Filter>
    </ClCompile>
    <ClCompile Include="LV06_RV10.cpp">
      <Filter>기초\LV06\복습문제</Filter>
    </ClCompile>
    <ClCompile Include="RV06_RV11.cpp">
      <Filter>기초\LV06\복습문제</Filter>
    </ClCompile>
    <ClCompile Include="LV07_PT1.cpp">
      <Filter>기초\LV07\연습문제</Filter>
    </ClCompile>
    <ClCompile Include="LV07_PT2.cpp">
      <Filter>기초\LV07\연습문제</Filter>
    </ClCompile>
    <ClCompile Include="LV07_PT3.cpp">
      <Filter>기초\LV07\연습문제</Filter>
    </ClCompile>
    <ClCompile Include="LV07_PT4.cpp">
      <Filter>기초\LV07\연습문제</Filter>
    </ClCompile>
    <ClCompile Include="LV07_PT5.cpp">
      <Filter>기초\LV07\연습문제</Filter>
    </ClCompile>
    <ClCompile Include="LV07_PT6.cpp">
      <Filter>기초\LV07\연습문제</Filter>
    </ClCompile>
    <ClCompile Include="LV07_PT7.cpp">
      <Filter>기초\LV07\연습문제</Filter>
    </ClCompile>
    <ClCompile Include="LV07_PT8.cpp">
      <Filter>기초\LV07\연습문제</Filter>
    </ClCompile>
    <ClCompile Include="LV07_PT9.cpp">
      <Filter>기초\LV07\연습문제</Filter>
    </ClCompile>
    <ClCompile Include="LV07_PT10.cpp">
      <Filter>기초\LV07\연습문제</Filter>
    </ClCompile>
    <ClCompile Include="LV07_PT11.cpp">
      <Filter>기초\LV07\연습문제</Filter>
    </ClCompile>
    <ClCompile Include="LV07_PT12.cpp">
      <Filter>기초\LV07\연습문제</Filter>
    </ClCompile>
    <ClCompile Include="LV07_RV1.cpp">
      <Filter>기초\LV07\복습문제</Filter>
    </ClCompile>
    <ClCompile Include="LV07_RV2.cpp">
      <Filter>기초\LV07\복습문제</Filter>
    </ClCompile>
    <ClCompile Include="LV07_RV3.cpp">
      <Filter>기초\LV07\복습문제</Filter>
    </ClCompile>
    <ClCompile Include="LV07_RV4.cpp">
      <Filter>기초\LV07\복습문제</Filter>
    </ClCompile>
    <ClCompile Include="LV07_RV5.cpp">
      <Filter>기초\LV07\복습문제</Filter>
    </ClCompile>
    <ClCompile Include="LV07_RV6.cpp">
      <Filter>기초\LV07\복습문제</Filter>
    </ClCompile>
    <ClCompile Include="LV07_RV7.cpp">
      <Filter>기초\LV07\복습문제</Filter>
    </ClCompile>
    <ClCompile Include="LV08_PT1.cpp">
      <Filter>기초\LV08\연습문제</Filter>
    </ClCompile>
    <ClCompile Include="LV08_PT2.cpp">
      <Filter>기초\LV08\연습문제</Filter>
    </ClCompile>
    <ClCompile Include="LV08_PT3.cpp">
      <Filter>기초\LV08\연습문제</Filter>
    </ClCompile>
    <ClCompile Include="LV08_PT4.cpp">
      <Filter>기초\LV08\연습문제</Filter>
    </ClCompile>
    <ClCompile Include="LV08_PT5.cpp">
      <Filter>기초\LV08\연습문제</Filter>
    </ClCompile>
    <ClCompile Include="LV08_PT6.cpp">
      <Filter>기초\LV08\연습문제</Filter>
    </ClCompile>
    <ClCompile Include="LV08_PT7.cpp">
      <Filter>기초\LV08\연습문제</Filter>
    </ClCompile>
    <ClCompile Include="LV08_PT8.cpp">
      <Filter>기초\LV08\연습문제</Filter>
    </ClCompile>
    <ClCompile Include="LV08_PT9.cpp">
      <Filter>기초\LV08\연습문제</Filter>
    </ClCompile>
    <ClCompile Include="LV08_PT10.cpp">
      <Filter>기초\LV08\연습문제</Filter>
    </ClCompile>
    <ClCompile Include="LV08_PT11.cpp">
      <Filter>기초\LV08\연습문제</Filter>
    </ClCompile>
    <ClCompile Include="LV08_RV1.cpp">
      <Filter>기초\LV08\복습문제</Filter>
    </ClCompile>
    <ClCompile Include="LV08_RV2.cpp">
      <Filter>기초\LV08\복습문제</Filter>
    </ClCompile>
    <ClCompile Include="LV08_RV3.cpp">
      <Filter>기초\LV08\복습문제</Filter>
    </ClCompile>
    <ClCompile Include="LV08_RV4.cpp">
      <Filter>기초\LV08\복습문제</Filter>
    </ClCompile>
    <ClCompile Include="LV08_RV5.cpp">
      <Filter>기초\LV08\복습문제</Filter>
    </ClCompile>
    <ClCompile Include="LV08_RV6.cpp">
      <Filter>기초\LV08\복습문제</Filter>
    </ClCompile>
    <ClCompile Include="LV08_RV7.cpp">
      <Filter>기초\LV08\복습문제</Filter>
    </ClCompile>
    <ClCompile Include="LV08_RV8.cpp">
      <Filter>기초\LV08\복습문제</Filter>
    </ClCompile>
    <ClCompile Include="LV08_RV9.cpp">
      <Filter>기초\LV08\복습문제</Filter>
    </ClCompile>
    <ClCompile Include="LV09_PT1.cpp">
      <Filter>기초\LV09\연습문제</Filter>
    </ClCompile>
    <ClCompile Include="LV09_PT2.cpp">
      <Filter>기초\LV09\연습문제</Filter>
    </ClCompile>
    <ClCompile Include="LV09_PT3.cpp">
      <Filter>기초\LV09\연습문제</Filter>
    </ClCompile>
    <ClCompile Include="LV09_PT4.cpp">
      <Filter>기초\LV09\연습문제</Filter>
    </ClCompile>
    <ClCompile Include="LV09_PT5.cpp">
      <Filter>기초\LV09\연습문제</Filter>
    </ClCompile>
    <ClCompile Include="LV09_PT6.cpp">
      <Filter>기초\LV09\연습문제</Filter>
    </ClCompile>
    <ClCompile Include="LV09_PT7.cpp">
      <Filter>기초\LV09\연습문제</Filter>
    </ClCompile>
    <ClCompile Include="LV09_PT8.cpp">
      <Filter>기초\LV09\연습문제</Filter>
    </ClCompile>
    <ClCompile Include="LV09_PT9.cpp">
      <Filter>기초\LV09\연습문제</Filter>
    </ClCompile>
    <ClCompile Include="LV09_PT10.cpp">
      <Filter>기초\LV09\연습문제</Filter>
    </ClCompile>
    <ClCompile Include="LV09_PT11.cpp">
      <Filter>기초\LV09\연습문제</Filter>
    </ClCompile>
    <ClCompile Include="LV09_RV1.cpp">
      <Filter>기초\LV09\복습문제</Filter>
    </ClCompile>
    <ClCompile Include="LV09_RV2.cpp">
      <Filter>기초\LV09\복습문제</Filter>
    </ClCompile>
    <ClCompile Include="LV09_RV3.cpp">
      <Filter>기초\LV09\복습문제</Filter>
    </ClCompile>
    <ClCompile Include="LV09_RV4.cpp">
      <Filter>기초\LV09\복습문제</Filter>
    </ClCompile>
    <ClCompile Include="LV09_RV5.cpp">
      <Filter>기초\LV09\복습문제</Filter>
    </ClCompile>
    <ClCompile Include="LV09_RV6.cpp">
      <Filter>기초\LV09\복습문제</Filter>
    </ClCompile>
    <ClCompile Include="LV09_RV7.cpp">
      <Filter>기초\LV09\복습문제</Filter>
    </ClCompile>
    <ClCompile Include="LV09_RV8.cpp">
      <Filter>기초\LV09\복습문제</Filter>
    </ClCompile>
    <ClCompile Include="LV10_PT1.cpp">
      <Filter>기초\LV10\연습문제</Filter>
    </ClCompile>
    <ClCompile Include="LV10_PT2.cpp">
      <Filter>기초\LV10\연습문제</Filter>
    </ClCompile>
    <ClCompile Include="LV10_PT3.cpp">
      <Filter>기초\LV10\연습문제</Filter>
    </ClCompile>
    <ClCompile Include="LV10_PT4.cpp">
      <Filter>기초\LV10\연습문제</Filter>
    </ClCompile>
    <ClCompile Include="LV10_PT5.cpp">
      <Filter>기초\LV10\연습문제</Filter>
    </ClCompile>
    <ClCompile Include="LV10_PT6.cpp">
      <Filter>기초\LV10\연습문제</Filter>
    </ClCompile>
    <ClCompile Include="LV10_PT7.cpp">
      <Filter>기초\LV10\연습문제</Filter>
    </ClCompile>
    <ClCompile Include="LV10_PT8.cpp">
      <Filter>기초\LV10\연습문제</Filter>
    </ClCompile>
    <ClCompile Include="LV10_PT9.cpp">
      <Filter>기초\LV10\연습문제</Filter>
    </ClCompile>
    <ClCompile Include="LV10_PT10.cpp">
      <Filter>기초\LV10\연습문제</Filter>
    </ClCompile>
    <ClCompile Include="LV10_PT11.cpp">
      <Filter>기초\LV10\연습문제</Filter>
    </ClCompile>
    <ClCompile Include="LV10_PT12.cpp">
      <Filter>기초\LV10\연습문제</Filter>
    </ClCompile>
    <ClCompile Include="LV11_PT1.cpp">
      <Filter>기초\LV11\연습문제</Filter>
    </ClCompile>
    <ClCompile Include="LV11_PT2.cpp">
      <Filter>기초\LV11\연습문제</Filter>
    </ClCompile>
    <ClCompile Include="LV11_PT3.cpp">
      <Filter>기초\LV11\연습문제</Filter>
    </ClCompile>
    <ClCompile Include="LV11_PT4.cpp">
      <Filter>기초\LV11\연습문제</Filter>
    </ClCompile>
    <ClCompile Include="LV11_PT5.cpp">
      <Filter>기초\LV11\연습문제</Filter>
    </ClCompile>
    <ClCompile Include="LV11_PT6.cpp">
      <Filter>기초\LV11\연습문제</Filter>
    </ClCompile>
    <ClCompile Include="LV11_PT7.cpp">
      <Filter>기초\LV11\연습문제</Filter>
    </ClCompile>
    <ClCompile Include="LV11_PT8.cpp">
      <Filter>기초\LV11\연습문제</Filter>
    </ClCompile>
    <ClCompile Include="LV11_PT9.cpp">
      <Filter>기초\LV11\연습문제</Filter>
    </ClCompile>
    <ClCompile Include="LV11_PT10.cpp">
      <Filter>기초\LV11\연습문제</Filter>
    </ClCompile>
    <ClCompile Include="LV11_PT11.cpp">
      <Filter>기초\LV11\연습문제</Filter>
    </ClCompile>
    <ClCompile Include="LV10_RV1.cpp">
      <Filter>기초\LV10\복습문제</Filter>
    </ClCompile>
    <ClCompile Include="LV10_RV2.cpp">
      <Filter>기초\LV10\복습문제</Filter>
    </ClCompile>
    <ClCompile Include="LV10_RV3.cpp">
      <Filter>기초\LV10\복습문제</Filter>
    </ClCompile>
    <ClCompile Include="LV10_RV4.cpp">
      <Filter>기초\LV10\복습문제</Filter>
    </ClCompile>
    <ClCompile Include="LV10_RV5.cpp">
      <Filter>기초\LV10\복습문제</Filter>
    </ClCompile>
    <ClCompile Include="LV10_RV6.cpp">
      <Filter>기초\LV10\복습문제</Filter>
    </ClCompile>
    <ClCompile Include="LV10_RV7.cpp">
      <Filter>기초\LV10\복습문제</Filter>
    </ClCompile>
    <ClCompile Include="LV10_RV8.cpp">
      <Filter>기초\LV10\복습문제</Filter>
    </ClCompile>
    <ClCompile Include="LV10_RV9.cpp">
      <Filter>기초\LV10\복습문제</Filter>
    </ClCompile>
    <ClCompile Include="LV11_RV1.cpp">
      <Filter>기초\LV11\복습문제</Filter>
    </ClCompile>
    <ClCompile Include="LV11_RV2.cpp">
      <Filter>기초\LV11\복습문제</Filter>
    </ClCompile>
    <ClCompile Include="LV11_RV3.cpp">
      <Filter>기초\LV11\복습문제</Filter>
    </ClCompile>
    <ClCompile Include="LV11_RV4.cpp">
      <Filter>기초\LV11\복습문제</Filter>
    </ClCompile>
    <ClCompile Include="LV11_RV5.cpp">
      <Filter>기초\LV11\복습문제</Filter>
    </ClCompile>
    <ClCompile Include="LV11_RV6.cpp">
      <Filter>기초\LV11\복습문제</Filter>
    </ClCompile>
    <ClCompile Include="LV11_RV7.cpp">
      <Filter>기초\LV11\복습문제</Filter>
    </ClCompile>
    <ClCompile Include="LV11_RV8.cpp">
      <Filter>기초\LV11\복습문제</Filter>
    </ClCompile>
    <ClCompile Include="LV11_RV9.cpp">
      <Filter>기초\LV11\복습문제</Filter>
    </ClCompile>
    <ClCompile Include="LV11_RV10.cpp">
      <Filter>기초\LV11\복습문제</Filter>
    </ClCompile>
    <ClCompile Include="LV12_PT1.cpp">
      <Filter>기초\LV12\연습문제</Filter>
    </ClCompile>
    <ClCompile Include="LV12_PT2.cpp">
      <Filter>기초\LV12\연습문제</Filter>
    </ClCompile>
    <ClCompile Include="LV12_PT3.cpp">
      <Filter>기초\LV12\연습문제</Filter>
    </ClCompile>
    <ClCompile Include="LV12_PT4.cpp">
      <Filter>기초\LV12\연습문제</Filter>
    </ClCompile>
    <ClCompile Include="LV12_PT5.cpp">
      <Filter>기초\LV12\연습문제</Filter>
    </ClCompile>
    <ClCompile Include="LV12_PT6.cpp">
      <Filter>기초\LV12\연습문제</Filter>
    </ClCompile>
    <ClCompile Include="LV12_PT7.cpp">
      <Filter>기초\LV12\연습문제</Filter>
    </ClCompile>
    <ClCompile Include="LV12_PT8.cpp">
      <Filter>기초\LV12\연습문제</Filter>
    </ClCompile>
    <ClCompile Include="LV12_PT9.cpp">
      <Filter>기초\LV12\연습문제</Filter>
    </ClCompile>
    <ClCompile Include="LV12_PT10.cpp">
      <Filter>기초\LV12\연습문제</Filter>
    </ClCompile>
    <ClCompile Include="LV12_RV1.cpp">
      <Filter>기초\LV12\복습문제</Filter>
    </ClCompile>
    <ClCompile Include="LV12_RV2.cpp">
      <Filter>기초\LV12\복습문제</Filter>
    </ClCompile>
    <ClCompile Include="LV12_RV3.cpp">
      <Filter>기초\LV12\복습문제</Filter>
    </ClCompile>
    <ClCompile Include="LV12_RV5.cpp">
      <Filter>기초\LV12\복습문제</Filter>
    </ClCompile>
    <ClCompile Include="LV12_RV4.cpp">
      <Filter>기초\LV12\복습문제</Filter>
    </ClCompile>
    <ClCompile Include="LV12_RV6.cpp">
      <Filter>기초\LV12\복습문제</Filter>
    </ClCompile>
    <ClCompile Include="LV12_RV7.cpp">
      <Filter>기초\LV12\복습문제</Filter>
    </ClCompile>
    <ClCompile Include="LV12_RV8.cpp">
      <Filter>기초\LV12\복습문제</Filter>
    </ClCompile>
    <ClCompile Include="LV13_PT1.cpp">
      <Filter>기초\LV13\연습문제</Filter>
    </ClCompile>
    <ClCompile Include="LV13_PT2.cpp">
      <Filter>기초\LV13\연습문제</Filter>
    </ClCompile>
    <ClCompile Include="LV13_PT3.cpp">
      <Filter>기초\LV13\연습문제</Filter>
    </ClCompile>
    <ClCompile Include="LV13_PT4.cpp">
      <Filter>기초\LV13\연습문제</Filter>
    </ClCompile>
    <ClCompile Include="LV13_PT5.cpp">
      <Filter>기초\LV13\연습문제</Filter>
    </ClCompile>
    <ClCompile Include="LV13_PT6.cpp">
      <Filter>기초\LV13\연습문제</Filter>
    </ClCompile>
    <ClCompile Include="LV13_PT7.cpp">
      <Filter>기초\LV13\연습문제</Filter>
    </ClCompile>
    <ClCompile Include="LV13_PT8.cpp">
      <Filter>기초\LV13\연습문제</Filter>
    </ClCompile>
    <ClCompile Include="LV13_PT9.cpp">
      <Filter>기초\LV13\연습문제</Filter>
    </ClCompile>
    <ClCompile Include="LV13_PT10.cpp">
      <Filter>기초\LV13\연습문제</Filter>
    </ClCompile>
    <ClCompile Include="LV13_PT11.cpp">
      <Filter>기초\LV13\연습문제</Filter>
    </ClCompile>
    <ClCompile Include="LV13_PT12.cpp">
      <Filter>기초\LV13\연습문제</Filter>
    </ClCompile>
    <ClCompile Include="LV14_PT1.cpp">
      <Filter>기초\LV14</Filter>
    </ClCompile>
    <ClCompile Include="LV14_PT2.cpp">
      <Filter>기초\LV14</Filter>
    </ClCompile>
    <ClCompile Include="LV14_PT3.cpp">
      <Filter>기초\LV14</Filter>
    </ClCompile>
    <ClCompile Include="LV14_PT4.cpp">
      <Filter>기초\LV14</Filter>
    </ClCompile>
    <ClCompile Include="LV14_PT5.cpp">
      <Filter>기초\LV14</Filter>
    </ClCompile>
    <ClCompile Include="LV14_PT6.cpp">
      <Filter>기초\LV14</Filter>
    </ClCompile>
    <ClCompile Include="LV14_PT7.cpp">
      <Filter>기초\LV14</Filter>
    </ClCompile>
    <ClCompile Include="LV14_PT8.cpp">
      <Filter>기초\LV14</Filter>
    </ClCompile>
    <ClCompile Include="LV14_PT9.cpp">
      <Filter>기초\LV14</Filter>
    </ClCompile>
    <ClCompile Include="LV14_PT10.cpp">
      <Filter>기초\LV14</Filter>
    </ClCompile>
    <ClCompile Include="LV14_PT11.cpp">
      <Filter>기초\LV14</Filter>
    </ClCompile>
    <ClCompile Include="LV14_PT12.cpp">
      <Filter>기초\LV14</Filter>
    </ClCompile>
    <ClCompile Include="LV14_PT13.cpp">
      <Filter>기초\LV14</Filter>
    </ClCompile>
    <ClCompile Include="LV14_PT14.cpp">
      <Filter>기초\LV14</Filter>
    </ClCompile>
    <ClCompile Include="LV15_PT1.cpp">
      <Filter>기초\LV15</Filter>
    </ClCompile>
    <ClCompile Include="LV15_PT2.cpp">
      <Filter>기초\LV15</Filter>
    </ClCompile>
    <ClCompile Include="LV15_PT3.cpp">
      <Filter>기초\LV15</Filter>
    </ClCompile>
    <ClCompile Include="LV15_PT4.cpp">
      <Filter>기초\LV15</Filter>
    </ClCompile>
    <ClCompile Include="LV15_PT5.cpp">
      <Filter>기초\LV15</Filter>
    </ClCompile>
    <ClCompile Include="LV15_PT6.cpp">
      <Filter>기초\LV15</Filter>
    </ClCompile>
    <ClCompile Include="LV15_PT7.cpp">
      <Filter>기초\LV15</Filter>
    </ClCompile>
    <ClCompile Include="LV15_PT8.cpp">
      <Filter>기초\LV15</Filter>
    </ClCompile>
    <ClCompile Include="LV15_PT9.cpp">
      <Filter>기초\LV15</Filter>
    </ClCompile>
    <ClCompile Include="LV15_PT10.cpp">
      <Filter>기초\LV15</Filter>
    </ClCompile>
    <ClCompile Include="LV15_PT11.cpp">
      <Filter>기초\LV15</Filter>
    </ClCompile>
    <ClCompile Include="LV01_MRV_1.cpp">
      <Filter>중급\LV01\복습문제</Filter>
    </ClCompile>
    <ClCompile Include="LV01_MRV_2.cpp">
      <Filter>중급\LV01\복습문제</Filter>
    </ClCompile>
    <ClCompile Include="LV01_MRV_3.cpp">
      <Filter>중급\LV01\복습문제</Filter>
    </ClCompile>
    <ClCompile Include="LV01_MRV_4.cpp">
      <Filter>중급\LV01\복습문제</Filter>
    </ClCompile>
    <ClCompile Include="LV01_MRV_5.cpp">
      <Filter>중급\LV01\복습문제</Filter>
    </ClCompile>
    <ClCompile Include="LV01_MRV_6.cpp">
      <Filter>중급\LV01\복습문제</Filter>
    </ClCompile>
    <ClCompile Include="LV01_MRV_7.cpp">
      <Filter>중급\LV01\복습문제</Filter>
    </ClCompile>
    <ClCompile Include="LV01_MRV_8.cpp">
      <Filter>중급\LV01\복습문제</Filter>
    </ClCompile>
    <ClCompile Include="LV01_MRV_9.cpp">
      <Filter>중급\LV01\복습문제</Filter>
    </ClCompile>
    <ClCompile Include="LV01_MRV_10.cpp">
      <Filter>중급\LV01\복습문제</Filter>
    </ClCompile>
    <ClCompile Include="LV01_MPT_1.cpp">
      <Filter>중급\LV01\연습문제</Filter>
    </ClCompile>
    <ClCompile Include="LV01_MPT2.cpp">
      <Filter>중급\LV01\연습문제</Filter>
    </ClCompile>
    <ClCompile Include="LV01_MPT_3.cpp">
      <Filter>중급\LV01\연습문제</Filter>
    </ClCompile>
    <ClCompile Include="LV01_MPT_4.cpp">
      <Filter>중급\LV01\연습문제</Filter>
    </ClCompile>
    <ClCompile Include="LV01_MPT_5.cpp">
      <Filter>중급\LV01\연습문제</Filter>
    </ClCompile>
    <ClCompile Include="LV01_MPT_6.cpp">
      <Filter>중급\LV01\연습문제</Filter>
    </ClCompile>
    <ClCompile Include="LV01_MPT_7.cpp">
      <Filter>중급\LV01\연습문제</Filter>
    </ClCompile>
    <ClCompile Include="LV01_MPT_8.cpp">
      <Filter>중급\LV01\연습문제</Filter>
    </ClCompile>
    <ClCompile Include="LV01_MPT_9.cpp">
      <Filter>중급\LV01\연습문제</Filter>
    </ClCompile>
    <ClCompile Include="LV01_MPT_10.cpp">
      <Filter>중급\LV01\연습문제</Filter>
    </ClCompile>
    <ClCompile Include="LV02_MPT_1.cpp">
      <Filter>중급\LV02\연습문제</Filter>
    </ClCompile>
    <ClCompile Include="LV02_MPT_4.cpp">
      <Filter>중급\LV02\연습문제</Filter>
    </ClCompile>
    <ClCompile Include="LV02_MPT_2.cpp">
      <Filter>중급\LV02\연습문제</Filter>
    </ClCompile>
    <ClCompile Include="LV01_EX_1.cpp">
      <Filter>중급\LV01\예제</Filter>
    </ClCompile>
    <ClCompile Include="LV01_EX_2.cpp">
      <Filter>중급\LV01\예제</Filter>
    </ClCompile>
    <ClCompile Include="LV01_EX_3.cpp">
      <Filter>중급\LV01\예제</Filter>
    </ClCompile>
    <ClCompile Include="LV01_EX_4.cpp">
      <Filter>중급\LV01\예제</Filter>
    </ClCompile>
    <ClCompile Include="LV01_EX_5.cpp">
      <Filter>중급\LV01\예제</Filter>
    </ClCompile>
    <ClCompile Include="LV02_EX_1.cpp">
      <Filter>중급\LV02\예제</Filter>
    </ClCompile>
    <ClCompile Include="LV02_EX_2.cpp">
      <Filter>중급\LV02\예제</Filter>
    </ClCompile>
    <ClCompile Include="LV02_EX_3.cpp">
      <Filter>중급\LV02\예제</Filter>
    </ClCompile>
    <ClCompile Include="LV02_EX_4.cpp">
      <Filter>중급\LV02\예제</Filter>
    </ClCompile>
    <ClCompile Include="LV02_MPT_5.cpp">
      <Filter>중급\LV02\연습문제</Filter>
    </ClCompile>
    <ClCompile Include="LV02_MPT_3.cpp">
      <Filter>중급\LV02\연습문제</Filter>
    </ClCompile>
    <ClCompile Include="LV02_MPT_6.cpp">
      <Filter>중급\LV02\연습문제</Filter>
    </ClCompile>
    <ClCompile Include="LV02_MPT_7.cpp">
      <Filter>중급\LV02\연습문제</Filter>
    </ClCompile>
    <ClCompile Include="LV02_MPT_8.cpp">
      <Filter>중급\LV02\연습문제</Filter>
    </ClCompile>
    <ClCompile Include="LV02_MPT_9.cpp">
      <Filter>중급\LV02\연습문제</Filter>
    </ClCompile>
    <ClCompile Include="LV02_MPT_10.cpp">
      <Filter>중급\LV02\연습문제</Filter>
    </ClCompile>
    <ClCompile Include="LV02_MPT_11.cpp">
      <Filter>중급\LV02\연습문제</Filter>
    </ClCompile>
    <ClCompile Include="LV02_MPT_12.cpp">
      <Filter>중급\LV02\연습문제</Filter>
    </ClCompile>
    <ClCompile Include="LV02_MRV_1.cpp">
      <Filter>중급\LV02\복습문제</Filter>
    </ClCompile>
    <ClCompile Include="LV02_MRV_2.cpp">
      <Filter>중급\LV02\복습문제</Filter>
    </ClCompile>
    <ClCompile Include="LV02_MRV_3.cpp">
      <Filter>중급\LV02\복습문제</Filter>
    </ClCompile>
    <ClCompile Include="LV02_MRV_4.cpp">
      <Filter>중급\LV02\복습문제</Filter>
    </ClCompile>
    <ClCompile Include="LV02_MRV_5.cpp">
      <Filter>중급\LV02\복습문제</Filter>
    </ClCompile>
    <ClCompile Include="LV02_MRV_6.cpp">
      <Filter>중급\LV02\복습문제</Filter>
    </ClCompile>
    <ClCompile Include="LV02_MRV_7.cpp">
      <Filter>중급\LV02\복습문제</Filter>
    </ClCompile>
    <ClCompile Include="LV02_MRV_8.cpp">
      <Filter>중급\LV02\복습문제</Filter>
    </ClCompile>
    <ClCompile Include="LV02_MRV_9.cpp">
      <Filter>중급\LV02\복습문제</Filter>
    </ClCompile>
    <ClCompile Include="LV03_MPT_1.cpp">
      <Filter>중급\LV03\연습문제</Filter>
    </ClCompile>
    <ClCompile Include="LV03_MPT_2.cpp">
      <Filter>중급\LV03\연습문제</Filter>
    </ClCompile>
    <ClCompile Include="LV03_MPT_3.cpp">
      <Filter>중급\LV03\연습문제</Filter>
    </ClCompile>
    <ClCompile Include="LV03_MPT_4.cpp">
      <Filter>중급\LV03\연습문제</Filter>
    </ClCompile>
    <ClCompile Include="LV03_MRV_5.cpp">
      <Filter>중급\LV03\복습문제</Filter>
    </ClCompile>
    <ClCompile Include="LV03_MPT_5.cpp">
      <Filter>중급\LV03\연습문제</Filter>
    </ClCompile>
    <ClCompile Include="LV03_MPT_6.cpp">
      <Filter>중급\LV03\연습문제</Filter>
    </ClCompile>
    <ClCompile Include="LV03_MPT_7.cpp">
      <Filter>중급\LV03\연습문제</Filter>
    </ClCompile>
    <ClCompile Include="LV03_MPT_8.cpp">
      <Filter>중급\LV03\연습문제</Filter>
    </ClCompile>
    <ClCompile Include="LV03_MPT_9.cpp">
      <Filter>중급\LV03\연습문제</Filter>
    </ClCompile>
    <ClCompile Include="LV03_MPT_10.cpp">
      <Filter>중급\LV03\연습문제</Filter>
    </ClCompile>
    <ClCompile Include="LV03_MRV_1.cpp">
      <Filter>중급\LV03\복습문제</Filter>
    </ClCompile>
    <ClCompile Include="LV03_MRV_2.cpp">
      <Filter>중급\LV03\복습문제</Filter>
    </ClCompile>
    <ClCompile Include="LV03_MRV_3.cpp">
      <Filter>중급\LV03\복습문제</Filter>
    </ClCompile>
    <ClCompile Include="LV03_MRV_4.cpp">
      <Filter>중급\LV03\복습문제</Filter>
    </ClCompile>
    <ClCompile Include="LV03_MRV_6.cpp">
      <Filter>중급\LV03\복습문제</Filter>
    </ClCompile>
    <ClCompile Include="LV03_MRV_7.cpp">
      <Filter>중급\LV03\복습문제</Filter>
    </ClCompile>
    <ClCompile Include="LV03_MRV_8.cpp">
      <Filter>중급\LV03\복습문제</Filter>
    </ClCompile>
    <ClCompile Include="LV03_MRV_9.cpp">
      <Filter>중급\LV03\복습문제</Filter>
    </ClCompile>
    <ClCompile Include="LV03_MRV_10.cpp">
      <Filter>중급\LV03\복습문제</Filter>
    </ClCompile>
    <ClCompile Include="LV03_MRV_11.cpp">
      <Filter>중급\LV03\복습문제</Filter>
    </ClCompile>
    <ClCompile Include="LV03_MRV_12.cpp">
      <Filter>중급\LV03\복습문제</Filter>
    </ClCompile>
    <ClCompile Include="LV04_MPT_1.cpp">
      <Filter>중급\LV04\연습문제</Filter>
    </ClCompile>
    <ClCompile Include="LV04_MEX_1.cpp">
      <Filter>중급\LV04\예제</Filter>
    </ClCompile>
    <ClCompile Include="LV04_MEX_2.cpp">
      <Filter>중급\LV04\예제</Filter>
    </ClCompile>
    <ClCompile Include="LV04_MEX_3.cpp">
      <Filter>중급\LV04\예제</Filter>
    </ClCompile>
    <ClCompile Include="LV04_MEX_4.cpp">
      <Filter>중급\LV04\예제</Filter>
    </ClCompile>
    <ClCompile Include="LV04_MEX_5.cpp">
      <Filter>중급\LV04\예제</Filter>
    </ClCompile>
    <ClCompile Include="LV04_MEX_6.cpp">
      <Filter>중급\LV04\예제</Filter>
    </ClCompile>
    <ClCompile Include="LV04_MPT_2.cpp">
      <Filter>중급\LV04\연습문제</Filter>
    </ClCompile>
    <ClCompile Include="LV04_MPT_3.cpp">
      <Filter>중급\LV04\연습문제</Filter>
    </ClCompile>
    <ClCompile Include="LV04_MPT_4.cpp">
      <Filter>중급\LV04\연습문제</Filter>
    </ClCompile>
    <ClCompile Include="LV04_MPT_5.cpp">
      <Filter>중급\LV04\연습문제</Filter>
    </ClCompile>
    <ClCompile Include="LV04_MPT_6.cpp">
      <Filter>중급\LV04\연습문제</Filter>
    </ClCompile>
    <ClCompile Include="LV04_MPT_7.cpp">
      <Filter>중급\LV04\연습문제</Filter>
    </ClCompile>
    <ClCompile Include="LV04_MPT_8.cpp">
      <Filter>중급\LV04\연습문제</Filter>
    </ClCompile>
    <ClCompile Include="LV04_MPT_9.cpp">
      <Filter>중급\LV04\연습문제</Filter>
    </ClCompile>
    <ClCompile Include="LV04_MPT_10.cpp">
      <Filter>중급\LV04\연습문제</Filter>
    </ClCompile>
    <ClCompile Include="LV04_MRV_1.cpp">
      <Filter>중급\LV04\복습문제</Filter>
    </ClCompile>
    <ClCompile Include="LV04_MRV_2.cpp">
      <Filter>중급\LV04\복습문제</Filter>
    </ClCompile>
    <ClCompile Include="LV04_MRV_3.cpp">
      <Filter>중급\LV04\복습문제</Filter>
    </ClCompile>
    <ClCompile Include="LV04_MRV_4.cpp">
      <Filter>중급\LV04\복습문제</Filter>
    </ClCompile>
    <ClCompile Include="LV04_MRV_5.cpp">
      <Filter>중급\LV04\복습문제</Filter>
    </ClCompile>
    <ClCompile Include="LV04_MRV_6.cpp">
      <Filter>중급\LV04\복습문제</Filter>
    </ClCompile>
    <ClCompile Include="LV04_MRV_7.cpp">
      <Filter>중급\LV04\복습문제</Filter>
    </ClCompile>
    <ClCompile Include="LV04_MRV_8.cpp">
      <Filter>중급\LV04\복습문제</Filter>
    </ClCompile>
    <ClCompile Include="LV05_MEX_1.cpp">
      <Filter>중급\LV05\예제</Filter>
    </ClCompile>
    <ClCompile Include="LV05_MEX_2.cpp">
      <Filter>중급\LV05\예제</Filter>
    </ClCompile>
    <ClCompile Include="LV05_MEX_3.cpp">
      <Filter>중급\LV05\예제</Filter>
    </ClCompile>
    <ClCompile Include="LV05_MEX_4.cpp">
      <Filter>중급\LV05\예제</Filter>
    </ClCompile>
    <ClCompile Include="LV05_MEX_5.cpp">
      <Filter>중급\LV05\예제</Filter>
    </ClCompile>
    <ClCompile Include="LV05_MEX_6.cpp">
      <Filter>중급\LV05\예제</Filter>
    </ClCompile>
    <ClCompile Include="LV05_MPT_1.cpp">
      <Filter>중급\LV05\연습문제</Filter>
    </ClCompile>
    <ClCompile Include="LV05_MPT_2.cpp">
      <Filter>중급\LV05\연습문제</Filter>
    </ClCompile>
    <ClCompile Include="LV05_MPT_3.cpp">
      <Filter>중급\LV05\연습문제</Filter>
    </ClCompile>
    <ClCompile Include="LV05_MPT_4.cpp">
      <Filter>중급\LV05\연습문제</Filter>
    </ClCompile>
    <ClCompile Include="LV05_MPT_5.cpp">
      <Filter>중급\LV05\연습문제</Filter>
    </ClCompile>
    <ClCompile Include="LV05_MPT_6.cpp">
      <Filter>중급\LV05\연습문제</Filter>
    </ClCompile>
    <ClCompile Include="LV05_MPT_7.cpp">
      <Filter>중급\LV05\연습문제</Filter>
    </ClCompile>
    <ClCompile Include="LV05_MPT_8.cpp">
      <Filter>중급\LV05\연습문제</Filter>
    </ClCompile>
    <ClCompile Include="LV05_MRV_1.cpp">
      <Filter>중급\LV05\복습문제</Filter>
    </ClCompile>
    <ClCompile Include="LV05_MRV_2.cpp">
      <Filter>중급\LV05\복습문제</Filter>
    </ClCompile>
    <ClCompile Include="LV05_MRV_3.cpp">
      <Filter>중급\LV05\복습문제</Filter>
    </ClCompile>
    <ClCompile Include="LV05_MRV_4.cpp">
      <Filter>중급\LV05\복습문제</Filter>
    </ClCompile>
    <ClCompile Include="LV05_MRV_5.cpp">
      <Filter>중급\LV05\복습문제</Filter>
    </ClCompile>
    <ClCompile Include="LV05_MRV_6.cpp">
      <Filter>중급\LV05\복습문제</Filter>
    </ClCompile>
    <ClCompile Include="LV05_MRV_7.cpp">
      <Filter>중급\LV05\복습문제</Filter>
    </ClCompile>
    <ClCompile Include="LV05_MRV_8.cpp">
      <Filter>중급\LV05\복습문제</Filter>
    </ClCompile>
    <ClCompile Include="LV05_MRV_9.cpp">
      <Filter>중급\LV05\복습문제</Filter>
    </ClCompile>
    <ClCompile Include="LV06_MEX_1.cpp">
      <Filter>중급\LV06\예제</Filter>
    </ClCompile>
    <ClCompile Include="LV06_MPT_1.cpp">
      <Filter>중급\LV06\연습문제</Filter>
    </ClCompile>
    <ClCompile Include="LV06_MPT_2.cpp">
      <Filter>중급\LV06\연습문제</Filter>
    </ClCompile>
    <ClCompile Include="LV06_MPT_3.cpp">
      <Filter>중급\LV06\연습문제</Filter>
    </ClCompile>
    <ClCompile Include="LV06_MPT_4.cpp">
      <Filter>중급\LV06\연습문제</Filter>
    </ClCompile>
    <ClCompile Include="LV06_MPT_5.cpp">
      <Filter>중급\LV06\연습문제</Filter>
    </ClCompile>
    <ClCompile Include="LV06_MPT_6.cpp">
      <Filter>중급\LV06\연습문제</Filter>
    </ClCompile>
    <ClCompile Include="LV06_MPT_7.cpp">
      <Filter>중급\LV06\연습문제</Filter>
    </ClCompile>
    <ClCompile Include="LV06_MPT_8.cpp">
      <Filter>중급\LV06\연습문제</Filter>
    </ClCompile>
    <ClCompile Include="LV06_MRV_1.cpp">
      <Filter>중급\LV06\복습문제</Filter>
    </ClCompile>
    <ClCompile Include="LV06_MRV_2.cpp">
      <Filter>중급\LV06\복습문제</Filter>
    </ClCompile>
    <ClCompile Include="LV06_MRV_3.cpp">
      <Filter>중급\LV06\복습문제</Filter>
    </ClCompile>
    <ClCompile Include="LV06_MRV_4.cpp">
      <Filter>중급\LV06\복습문제</Filter>
    </ClCompile>
    <ClCompile Include="LV06_MRV_5.cpp">
      <Filter>중급\LV06\복습문제</Filter>
    </ClCompile>
    <ClCompile Include="LV06_MRV_6.cpp">
      <Filter>중급\LV06\복습문제</Filter>
    </ClCompile>
    <ClCompile Include="LV06_MRV_7.cpp">
      <Filter>중급\LV06\복습문제</Filter>
    </ClCompile>
    <ClCompile Include="LV06_MRV_8.cpp">
      <Filter>중급\LV06\복습문제</Filter>
    </ClCompile>
    <ClCompile Include="LV07_MPT_EX.cpp">
      <Filter>중급\LV07\예제</Filter>
    </ClCompile>
    <ClCompile Include="LV07_MRV_5.cpp">
      <Filter>중급\LV07\복습문제</Filter>
    </ClCompile>
    <ClCompile Include="LV07_MRV_6.cpp">
      <Filter>중급\LV07\복습문제</Filter>
    </ClCompile>
    <ClCompile Include="LV07_MRV_7.cpp">
      <Filter>중급\LV07\복습문제</Filter>
    </ClCompile>
    <ClCompile Include="LV07_MPT_1.cpp">
      <Filter>중급\LV07\연습문제</Filter>
    </ClCompile>
    <ClCompile Include="LV07_MPT_2.cpp">
      <Filter>중급\LV07\연습문제</Filter>
    </ClCompile>
    <ClCompile Include="LV07_MPT_3.cpp">
      <Filter>중급\LV07\연습문제</Filter>
    </ClCompile>
    <ClCompile Include="LV07_MPT_4.cpp">
      <Filter>중급\LV07\연습문제</Filter>
    </ClCompile>
    <ClCompile Include="LV07_MPT_5.cpp">
      <Filter>중급\LV07\연습문제</Filter>
    </ClCompile>
    <ClCompile Include="LV07_MPT_6.cpp">
      <Filter>중급\LV07\연습문제</Filter>
    </ClCompile>
    <ClCompile Include="LV07_MPT_7.cpp">
      <Filter>중급\LV07\연습문제</Filter>
    </ClCompile>
    <ClCompile Include="LV07_MPT_8.cpp">
      <Filter>중급\LV07\연습문제</Filter>
    </ClCompile>
    <ClCompile Include="LV07_MPT_9.cpp">
      <Filter>중급\LV07\연습문제</Filter>
    </ClCompile>
    <ClCompile Include="LV07_MRV_1.cpp">
      <Filter>중급\LV07\복습문제</Filter>
    </ClCompile>
    <ClCompile Include="LV07_MRV_2.cpp">
      <Filter>중급\LV07\복습문제</Filter>
    </ClCompile>
    <ClCompile Include="LV07_MRV_3.cpp">
      <Filter>중급\LV07\복습문제</Filter>
    </ClCompile>
    <ClCompile Include="LV07_MRV_4.cpp">
      <Filter>중급\LV07\복습문제</Filter>
    </ClCompile>
    <ClCompile Include="LV08_EX_1.cpp">
      <Filter>중급\LV08\예제</Filter>
    </ClCompile>
    <ClCompile Include="LV08_EX_2.cpp">
      <Filter>중급\LV08\예제</Filter>
    </ClCompile>
    <ClCompile Include="LV08_EX_3.cpp">
      <Filter>중급\LV08\예제</Filter>
    </ClCompile>
    <ClCompile Include="LV08_MPT_1.cpp">
      <Filter>중급\LV08\연습문제</Filter>
    </ClCompile>
    <ClCompile Include="LV08_MPT_2.cpp">
      <Filter>중급\LV08\연습문제</Filter>
    </ClCompile>
    <ClCompile Include="LV08_MPT_3.cpp">
      <Filter>중급\LV08\연습문제</Filter>
    </ClCompile>
    <ClCompile Include="LV08_MPT_4.cpp">
      <Filter>중급\LV08\연습문제</Filter>
    </ClCompile>
    <ClCompile Include="LV08_MPT_5.cpp">
      <Filter>중급\LV08\연습문제</Filter>
    </ClCompile>
    <ClCompile Include="LV08_MPT_6.cpp">
      <Filter>중급\LV08\연습문제</Filter>
    </ClCompile>
    <ClCompile Include="LV08_MRV_1.cpp">
      <Filter>중급\LV08\복습문제</Filter>
    </ClCompile>
    <ClCompile Include="LV09_MEX_2.cpp">
      <Filter>중급\LV09\예제</Filter>
    </ClCompile>
    <ClCompile Include="LV09_MEX_1.cpp">
      <Filter>중급\LV09\예제</Filter>
    </ClCompile>
    <ClCompile Include="LV09_MEX_3.cpp">
      <Filter>중급\LV09\예제</Filter>
    </ClCompile>
    <ClCompile Include="LV08_MRV_5.cpp">
      <Filter>중급\LV08\복습문제</Filter>
    </ClCompile>
    <ClCompile Include="LV08_MRV_4.cpp">
      <Filter>중급\LV08\복습문제</Filter>
    </ClCompile>
    <ClCompile Include="LV08_MRV_2.cpp">
      <Filter>중급\LV08\복습문제</Filter>
    </ClCompile>
    <ClCompile Include="LV08_MRV_3.cpp">
      <Filter>중급\LV08\복습문제</Filter>
    </ClCompile>
    <ClCompile Include="LV09_MRV_6.cpp">
      <Filter>중급\LV08\복습문제</Filter>
    </ClCompile>
    <ClCompile Include="LV09_MPT_1.cpp">
      <Filter>중급\LV09\연습문제</Filter>
    </ClCompile>
    <ClCompile Include="LV09_MPT_2.cpp">
      <Filter>중급\LV09\연습문제</Filter>
    </ClCompile>
    <ClCompile Include="LV09_MPT_3.cpp">
      <Filter>중급\LV09\연습문제</Filter>
    </ClCompile>
    <ClCompile Include="LV09_MPT_4★.cpp">
      <Filter>중급\LV09\연습문제</Filter>
    </ClCompile>
    <ClCompile Include="LV09_MPT_5.cpp">
      <Filter>중급\LV09\연습문제</Filter>
    </ClCompile>
    <ClCompile Include="LV09_MPT_6.cpp">
      <Filter>중급\LV09\연습문제</Filter>
    </ClCompile>
    <ClCompile Include="LV09_MPT_7.cpp">
      <Filter>중급\LV09\연습문제</Filter>
    </ClCompile>
    <ClCompile Include="LV09_MPT_8.cpp">
      <Filter>중급\LV09\연습문제</Filter>
    </ClCompile>
    <ClCompile Include="LV09_MPT_9.cpp">
      <Filter>중급\LV09\연습문제</Filter>
    </ClCompile>
    <ClCompile Include="LV09_MPT_10.cpp">
      <Filter>중급\LV09\연습문제</Filter>
    </ClCompile>
    <ClCompile Include="LV09_MPT_11.cpp">
      <Filter>중급\LV09\연습문제</Filter>
    </ClCompile>
    <ClCompile Include="LV10_MEX_1.cpp">
      <Filter>중급\LV10\예제</Filter>
    </ClCompile>
    <ClCompile Include="LV10_MEX_2.cpp">
      <Filter>중급\LV10\예제</Filter>
    </ClCompile>
    <ClCompile Include="LV10_MEX_3.cpp">
      <Filter>중급\LV10\예제</Filter>
    </ClCompile>
  </ItemGroup>
</Project>